// !$*UTF8*$!
{
	archiveVersion = 1;
	classes = {
	};
	objectVersion = 46;
	objects = {

/* Begin PBXBuildFile section */
		1B04F2BF206409B1009096C4 /* MMTMeteorogramStore.swift in Sources */ = {isa = PBXBuildFile; fileRef = 1B04F2BE206409B1009096C4 /* MMTMeteorogramStore.swift */; };
		1B1020C320D05BD200B24809 /* MMTMeteorogramModelControllerTests.swift in Sources */ = {isa = PBXBuildFile; fileRef = 1B1020C220D05BD200B24809 /* MMTMeteorogramModelControllerTests.swift */; };
		1B1020C620D1A74D00B24809 /* MMTCurrentCityModelController.swift in Sources */ = {isa = PBXBuildFile; fileRef = 1B1020C520D1A74D00B24809 /* MMTCurrentCityModelController.swift */; };
		1B1020C820D1A87D00B24809 /* MMTCurrentCityModelControllerTests.swift in Sources */ = {isa = PBXBuildFile; fileRef = 1B1020C720D1A87D00B24809 /* MMTCurrentCityModelControllerTests.swift */; };
		1B2B2DB7204DB45100B7C9B0 /* MMTCityProt.swift in Sources */ = {isa = PBXBuildFile; fileRef = 1B2B2DB6204DB45100B7C9B0 /* MMTCityProt.swift */; };
		1B2B2DBC204DF36C00B7C9B0 /* MMTCitiesIndexTests.swift in Sources */ = {isa = PBXBuildFile; fileRef = 1B2B2DBB204DF36C00B7C9B0 /* MMTCitiesIndexTests.swift */; };
		1B2B2DBE204DF4FE00B7C9B0 /* MMTTimeIntervalTests.swift in Sources */ = {isa = PBXBuildFile; fileRef = 1B2B2DBD204DF4FE00B7C9B0 /* MMTTimeIntervalTests.swift */; };
		1B2B2DC0204DF91500B7C9B0 /* MMTUIImageTests.swift in Sources */ = {isa = PBXBuildFile; fileRef = 1B2B2DBF204DF91500B7C9B0 /* MMTUIImageTests.swift */; };
		1B2C533320E116EC003727A3 /* MMTResult.swift in Sources */ = {isa = PBXBuildFile; fileRef = 1B2C533220E116EC003727A3 /* MMTResult.swift */; };
		1B2C533520E139ED003727A3 /* MMTMeteorogramImageStore.swift in Sources */ = {isa = PBXBuildFile; fileRef = 1B2C533420E139ED003727A3 /* MMTMeteorogramImageStore.swift */; };
		1B4B09CD20C1B90A00E364A0 /* MMTCitiesListModelController.swift in Sources */ = {isa = PBXBuildFile; fileRef = 1B4B09CC20C1B90A00E364A0 /* MMTCitiesListModelController.swift */; };
		1B54EF90204D6DC8008B8F90 /* Mobile_Meteo.xcdatamodeld in Sources */ = {isa = PBXBuildFile; fileRef = 1B54EF8E204D6DC8008B8F90 /* Mobile_Meteo.xcdatamodeld */; };
		1B54EF93204D729C008B8F90 /* MMTCoreData.swift in Sources */ = {isa = PBXBuildFile; fileRef = 1B54EF91204D729C008B8F90 /* MMTCoreData.swift */; };
		1B55FC1D20658B5E00056679 /* MMTDetailedMapTests.swift in Sources */ = {isa = PBXBuildFile; fileRef = 1B55FC1C20658B5E00056679 /* MMTDetailedMapTests.swift */; };
		1B611A8720642C2F00CDEF84 /* MMTFactory.swift in Sources */ = {isa = PBXBuildFile; fileRef = 1B611A8620642C2F00CDEF84 /* MMTFactory.swift */; };
		1B7CC19A20CF0968000B985E /* MMTMeteorogramModelController.swift in Sources */ = {isa = PBXBuildFile; fileRef = 1B7CC19920CF0968000B985E /* MMTMeteorogramModelController.swift */; };
		1B7CC19D20CF1E40000B985E /* MMTAnalytics.swift in Sources */ = {isa = PBXBuildFile; fileRef = 1B7CC19C20CF1E40000B985E /* MMTAnalytics.swift */; };
		1B8CFEE620D45BD70063D532 /* MMTForecasterCommentModelController.swift in Sources */ = {isa = PBXBuildFile; fileRef = 1B8CFEE520D45BD70063D532 /* MMTForecasterCommentModelController.swift */; };
		1B8CFEE920D45F100063D532 /* NSAttributedString.swift in Sources */ = {isa = PBXBuildFile; fileRef = 1B8CFEE720D45F0F0063D532 /* NSAttributedString.swift */; };
		1B8CFEEB20D461F70063D532 /* MMTForecasterCommentModelControllerTests.swift in Sources */ = {isa = PBXBuildFile; fileRef = 1B8CFEEA20D461F70063D532 /* MMTForecasterCommentModelControllerTests.swift */; };
		1B8FB8C320D2FF8500AF95C8 /* MMTDetailedMapPreviewModelController.swift in Sources */ = {isa = PBXBuildFile; fileRef = 1B8FB8C220D2FF8500AF95C8 /* MMTDetailedMapPreviewModelController.swift */; };
		1B8FB8C520D3E57600AF95C8 /* MMTDetailedMapPreviewModelControllerTests.swift in Sources */ = {isa = PBXBuildFile; fileRef = 1B8FB8C420D3E57600AF95C8 /* MMTDetailedMapPreviewModelControllerTests.swift */; };
		1B9C71E52049B42D00856476 /* MeteoModel.framework in Frameworks */ = {isa = PBXBuildFile; fileRef = 1B9C71DB2049B42D00856476 /* MeteoModel.framework */; };
		1B9C71F62049B44C00856476 /* MMTError.swift in Sources */ = {isa = PBXBuildFile; fileRef = 1B9C71F52049B44C00856476 /* MMTError.swift */; };
		1B9C71F82049B47100856476 /* MMTMeteorogramUrlSession.swift in Sources */ = {isa = PBXBuildFile; fileRef = 1B9C71F72049B47100856476 /* MMTMeteorogramUrlSession.swift */; };
		1B9C72002049B48500856476 /* MMTWebMeteorogramImageStore.swift in Sources */ = {isa = PBXBuildFile; fileRef = 1B9C71FA2049B48400856476 /* MMTWebMeteorogramImageStore.swift */; };
		1B9C72022049B48500856476 /* MMTForecasterCommentStore.swift in Sources */ = {isa = PBXBuildFile; fileRef = 1B9C71FC2049B48400856476 /* MMTForecasterCommentStore.swift */; };
		1B9C72032049B48500856476 /* MMTCitiesStore.swift in Sources */ = {isa = PBXBuildFile; fileRef = 1B9C71FD2049B48400856476 /* MMTCitiesStore.swift */; };
		1B9C72042049B48500856476 /* MMTWebForecastStore.swift in Sources */ = {isa = PBXBuildFile; fileRef = 1B9C71FE2049B48400856476 /* MMTWebForecastStore.swift */; };
		1B9C72052049B48500856476 /* MMTPredefinedCitiesFileStore.swift in Sources */ = {isa = PBXBuildFile; fileRef = 1B9C71FF2049B48500856476 /* MMTPredefinedCitiesFileStore.swift */; };
		1B9C720B2049B49600856476 /* MMTDetailedMap.swift in Sources */ = {isa = PBXBuildFile; fileRef = 1B9C72072049B49500856476 /* MMTDetailedMap.swift */; };
		1B9C720D2049B49600856476 /* MMTCityCategory.swift in Sources */ = {isa = PBXBuildFile; fileRef = 1B9C72092049B49600856476 /* MMTCityCategory.swift */; };
		1B9C720E2049B49600856476 /* MMTClimateModel.swift in Sources */ = {isa = PBXBuildFile; fileRef = 1B9C720A2049B49600856476 /* MMTClimateModel.swift */; };
		1B9C72132049B4AD00856476 /* MMTSearchInputFilter.swift in Sources */ = {isa = PBXBuildFile; fileRef = 1B9C72102049B4AD00856476 /* MMTSearchInputFilter.swift */; };
		1B9C72142049B4AD00856476 /* MMTCitiesIndex.swift in Sources */ = {isa = PBXBuildFile; fileRef = 1B9C72112049B4AD00856476 /* MMTCitiesIndex.swift */; };
		1B9C72152049B4AD00856476 /* MMTCityGeocoder.swift in Sources */ = {isa = PBXBuildFile; fileRef = 1B9C72122049B4AD00856476 /* MMTCityGeocoder.swift */; };
		1B9C721A2049B5A400856476 /* MMTGeocoder.swift in Sources */ = {isa = PBXBuildFile; fileRef = 1B9C72182049B5A400856476 /* MMTGeocoder.swift */; };
		1B9C721B2049B5A400856476 /* MMTCoreLocationGeocoder.swift in Sources */ = {isa = PBXBuildFile; fileRef = 1B9C72192049B5A400856476 /* MMTCoreLocationGeocoder.swift */; };
		1B9C721E2049B5D500856476 /* NSTimeInterval.swift in Sources */ = {isa = PBXBuildFile; fileRef = 1B9C721D2049B5D500856476 /* NSTimeInterval.swift */; };
		1B9C72202049B5E900856476 /* NSURL.swift in Sources */ = {isa = PBXBuildFile; fileRef = 1B9C721F2049B5E900856476 /* NSURL.swift */; };
		1B9C72222049B5F000856476 /* NSDateFormatter.swift in Sources */ = {isa = PBXBuildFile; fileRef = 1B9C72212049B5F000856476 /* NSDateFormatter.swift */; };
		1B9C72242049B61200856476 /* NSCalendar.swift in Sources */ = {isa = PBXBuildFile; fileRef = 1B9C72232049B61200856476 /* NSCalendar.swift */; };
		1B9C72282049B67100856476 /* UIImage.swift in Sources */ = {isa = PBXBuildFile; fileRef = 1B9C72272049B67100856476 /* UIImage.swift */; };
		1B9C722A2049B69E00856476 /* MMTConstants.swift in Sources */ = {isa = PBXBuildFile; fileRef = 1B9C72292049B69E00856476 /* MMTConstants.swift */; };
		1B9C722D2049B6EE00856476 /* MMTNSURLTests.swift in Sources */ = {isa = PBXBuildFile; fileRef = 1B9C722C2049B6EE00856476 /* MMTNSURLTests.swift */; };
		1B9C722F2049B6F300856476 /* MMTNSDateFormatterTests.swift in Sources */ = {isa = PBXBuildFile; fileRef = 1B9C722E2049B6F300856476 /* MMTNSDateFormatterTests.swift */; };
		1B9C723A2049B71500856476 /* MMTForecastStoreTests.swift in Sources */ = {isa = PBXBuildFile; fileRef = 1B9C72312049B71500856476 /* MMTForecastStoreTests.swift */; };
		1B9C723B2049B71500856476 /* MMTWamClimateModelTests.swift in Sources */ = {isa = PBXBuildFile; fileRef = 1B9C72322049B71500856476 /* MMTWamClimateModelTests.swift */; };
		1B9C723C2049B71500856476 /* MMTCityProtTests.swift in Sources */ = {isa = PBXBuildFile; fileRef = 1B9C72332049B71500856476 /* MMTCityProtTests.swift */; };
		1B9C723D2049B71500856476 /* MMTGeocoderTests.swift in Sources */ = {isa = PBXBuildFile; fileRef = 1B9C72342049B71500856476 /* MMTGeocoderTests.swift */; };
		1B9C723E2049B71500856476 /* MMTMeteorogramUrlSessionTests.swift in Sources */ = {isa = PBXBuildFile; fileRef = 1B9C72352049B71500856476 /* MMTMeteorogramUrlSessionTests.swift */; };
		1B9C723F2049B71500856476 /* MMTUmClimateModelTests.swift in Sources */ = {isa = PBXBuildFile; fileRef = 1B9C72362049B71500856476 /* MMTUmClimateModelTests.swift */; };
		1B9C72402049B71500856476 /* MMTCoampsClimateModelTests.swift in Sources */ = {isa = PBXBuildFile; fileRef = 1B9C72372049B71500856476 /* MMTCoampsClimateModelTests.swift */; };
		1B9C72412049B71500856476 /* MMTMeteorogramStoreTests.swift in Sources */ = {isa = PBXBuildFile; fileRef = 1B9C72382049B71500856476 /* MMTMeteorogramStoreTests.swift */; };
		1B9C72422049B71500856476 /* MMTClimateModelTests.swift in Sources */ = {isa = PBXBuildFile; fileRef = 1B9C72392049B71500856476 /* MMTClimateModelTests.swift */; };
		1B9C72442049B73200856476 /* MMTSearchInputTests.swift in Sources */ = {isa = PBXBuildFile; fileRef = 1B9C72432049B73200856476 /* MMTSearchInputTests.swift */; };
		1B9C724A2049B92A00856476 /* MMTTestTools.swift in Sources */ = {isa = PBXBuildFile; fileRef = 1B9C72492049B92A00856476 /* MMTTestTools.swift */; };
		1B9C724C2049B94F00856476 /* MMTMocks.swift in Sources */ = {isa = PBXBuildFile; fileRef = 1B9C724B2049B94F00856476 /* MMTMocks.swift */; };
		1BA0207420CACA3F00170D9D /* MMTLocationService.swift in Sources */ = {isa = PBXBuildFile; fileRef = 1BA0207320CACA3F00170D9D /* MMTLocationService.swift */; };
		1BA0207620CACD6000170D9D /* MMTCoreLocationService.swift in Sources */ = {isa = PBXBuildFile; fileRef = 1BA0207520CACD6000170D9D /* MMTCoreLocationService.swift */; };
		1BA0207920CB159600170D9D /* MMTModelController.swift in Sources */ = {isa = PBXBuildFile; fileRef = 1BA0207820CB159600170D9D /* MMTModelController.swift */; };
		1BA0207C20CB197100170D9D /* MMTCitiesListModelControllerTests.swift in Sources */ = {isa = PBXBuildFile; fileRef = 1BA0207B20CB197100170D9D /* MMTCitiesListModelControllerTests.swift */; };
		1BCFAE90206945C50046215D /* MMTMeteorogramStoreMapTests.swift in Sources */ = {isa = PBXBuildFile; fileRef = 1BCFAE8F206945C50046215D /* MMTMeteorogramStoreMapTests.swift */; };
		1BCFAE92206991830046215D /* MMTCachingMeteorogramImageStore.swift in Sources */ = {isa = PBXBuildFile; fileRef = 1BCFAE91206991830046215D /* MMTCachingMeteorogramImageStore.swift */; };
		1BCFAE94206998850046215D /* MMTCachingMeteorogramImageStoreTests.swift in Sources */ = {isa = PBXBuildFile; fileRef = 1BCFAE93206998850046215D /* MMTCachingMeteorogramImageStoreTests.swift */; };
		1BD6C3012060145600746B5A /* MMTMeteorogram.swift in Sources */ = {isa = PBXBuildFile; fileRef = 1BD6C3002060145600746B5A /* MMTMeteorogram.swift */; };
		1BFC168920DAF34300320D1F /* MMTForecastService.swift in Sources */ = {isa = PBXBuildFile; fileRef = 1BFC168820DAF34300320D1F /* MMTForecastService.swift */; };
		1BFC168C20DAF3AB00320D1F /* MMTForecastServiceTests.swift in Sources */ = {isa = PBXBuildFile; fileRef = 1BFC168B20DAF3AB00320D1F /* MMTForecastServiceTests.swift */; };
		1BFC169020DC096900320D1F /* MMTImagesCache.swift in Sources */ = {isa = PBXBuildFile; fileRef = 1BFC168F20DC096900320D1F /* MMTImagesCache.swift */; };
		1BFC169520DD19A400320D1F /* MMTImagesCacheTests.swift in Sources */ = {isa = PBXBuildFile; fileRef = 1BFC169420DD19A400320D1F /* MMTImagesCacheTests.swift */; };
		1BFC169720DD1BA500320D1F /* Date.swift in Sources */ = {isa = PBXBuildFile; fileRef = 1BFC169620DD1BA500320D1F /* Date.swift */; };
/* End PBXBuildFile section */

/* Begin PBXContainerItemProxy section */
		1B9C71E62049B42D00856476 /* PBXContainerItemProxy */ = {
			isa = PBXContainerItemProxy;
			containerPortal = 1B9C71D22049B42D00856476 /* Project object */;
			proxyType = 1;
			remoteGlobalIDString = 1B9C71DA2049B42D00856476;
			remoteInfo = MeteoModel;
		};
/* End PBXContainerItemProxy section */

/* Begin PBXFileReference section */
		1B04F2BE206409B1009096C4 /* MMTMeteorogramStore.swift */ = {isa = PBXFileReference; lastKnownFileType = sourcecode.swift; path = MMTMeteorogramStore.swift; sourceTree = "<group>"; };
		1B1020C220D05BD200B24809 /* MMTMeteorogramModelControllerTests.swift */ = {isa = PBXFileReference; lastKnownFileType = sourcecode.swift; path = MMTMeteorogramModelControllerTests.swift; sourceTree = "<group>"; };
		1B1020C520D1A74D00B24809 /* MMTCurrentCityModelController.swift */ = {isa = PBXFileReference; lastKnownFileType = sourcecode.swift; path = MMTCurrentCityModelController.swift; sourceTree = "<group>"; };
		1B1020C720D1A87D00B24809 /* MMTCurrentCityModelControllerTests.swift */ = {isa = PBXFileReference; lastKnownFileType = sourcecode.swift; path = MMTCurrentCityModelControllerTests.swift; sourceTree = "<group>"; };
		1B2B2DB6204DB45100B7C9B0 /* MMTCityProt.swift */ = {isa = PBXFileReference; lastKnownFileType = sourcecode.swift; path = MMTCityProt.swift; sourceTree = "<group>"; };
		1B2B2DBB204DF36C00B7C9B0 /* MMTCitiesIndexTests.swift */ = {isa = PBXFileReference; lastKnownFileType = sourcecode.swift; path = MMTCitiesIndexTests.swift; sourceTree = "<group>"; };
		1B2B2DBD204DF4FE00B7C9B0 /* MMTTimeIntervalTests.swift */ = {isa = PBXFileReference; lastKnownFileType = sourcecode.swift; path = MMTTimeIntervalTests.swift; sourceTree = "<group>"; };
		1B2B2DBF204DF91500B7C9B0 /* MMTUIImageTests.swift */ = {isa = PBXFileReference; lastKnownFileType = sourcecode.swift; path = MMTUIImageTests.swift; sourceTree = "<group>"; };
		1B2C533220E116EC003727A3 /* MMTResult.swift */ = {isa = PBXFileReference; lastKnownFileType = sourcecode.swift; path = MMTResult.swift; sourceTree = "<group>"; };
		1B2C533420E139ED003727A3 /* MMTMeteorogramImageStore.swift */ = {isa = PBXFileReference; lastKnownFileType = sourcecode.swift; path = MMTMeteorogramImageStore.swift; sourceTree = "<group>"; };
		1B4B09CC20C1B90A00E364A0 /* MMTCitiesListModelController.swift */ = {isa = PBXFileReference; lastKnownFileType = sourcecode.swift; path = MMTCitiesListModelController.swift; sourceTree = "<group>"; };
		1B54EF8F204D6DC8008B8F90 /* Mobile_Meteo.xcdatamodel */ = {isa = PBXFileReference; lastKnownFileType = wrapper.xcdatamodel; path = Mobile_Meteo.xcdatamodel; sourceTree = "<group>"; };
		1B54EF91204D729C008B8F90 /* MMTCoreData.swift */ = {isa = PBXFileReference; lastKnownFileType = sourcecode.swift; path = MMTCoreData.swift; sourceTree = "<group>"; };
		1B55FC1C20658B5E00056679 /* MMTDetailedMapTests.swift */ = {isa = PBXFileReference; lastKnownFileType = sourcecode.swift; path = MMTDetailedMapTests.swift; sourceTree = "<group>"; };
		1B611A8620642C2F00CDEF84 /* MMTFactory.swift */ = {isa = PBXFileReference; lastKnownFileType = sourcecode.swift; path = MMTFactory.swift; sourceTree = "<group>"; };
		1B7CC19920CF0968000B985E /* MMTMeteorogramModelController.swift */ = {isa = PBXFileReference; lastKnownFileType = sourcecode.swift; path = MMTMeteorogramModelController.swift; sourceTree = "<group>"; };
		1B7CC19C20CF1E40000B985E /* MMTAnalytics.swift */ = {isa = PBXFileReference; fileEncoding = 4; lastKnownFileType = sourcecode.swift; path = MMTAnalytics.swift; sourceTree = "<group>"; };
		1B8CFEE520D45BD70063D532 /* MMTForecasterCommentModelController.swift */ = {isa = PBXFileReference; lastKnownFileType = sourcecode.swift; path = MMTForecasterCommentModelController.swift; sourceTree = "<group>"; };
		1B8CFEE720D45F0F0063D532 /* NSAttributedString.swift */ = {isa = PBXFileReference; lastKnownFileType = sourcecode.swift; path = NSAttributedString.swift; sourceTree = "<group>"; };
		1B8CFEEA20D461F70063D532 /* MMTForecasterCommentModelControllerTests.swift */ = {isa = PBXFileReference; lastKnownFileType = sourcecode.swift; path = MMTForecasterCommentModelControllerTests.swift; sourceTree = "<group>"; };
		1B8FB8C220D2FF8500AF95C8 /* MMTDetailedMapPreviewModelController.swift */ = {isa = PBXFileReference; lastKnownFileType = sourcecode.swift; path = MMTDetailedMapPreviewModelController.swift; sourceTree = "<group>"; };
		1B8FB8C420D3E57600AF95C8 /* MMTDetailedMapPreviewModelControllerTests.swift */ = {isa = PBXFileReference; lastKnownFileType = sourcecode.swift; path = MMTDetailedMapPreviewModelControllerTests.swift; sourceTree = "<group>"; };
		1B9C71DB2049B42D00856476 /* MeteoModel.framework */ = {isa = PBXFileReference; explicitFileType = wrapper.framework; includeInIndex = 0; path = MeteoModel.framework; sourceTree = BUILT_PRODUCTS_DIR; };
		1B9C71DF2049B42D00856476 /* Info.plist */ = {isa = PBXFileReference; lastKnownFileType = text.plist.xml; path = Info.plist; sourceTree = "<group>"; };
		1B9C71E42049B42D00856476 /* MeteoModelTests.xctest */ = {isa = PBXFileReference; explicitFileType = wrapper.cfbundle; includeInIndex = 0; path = MeteoModelTests.xctest; sourceTree = BUILT_PRODUCTS_DIR; };
		1B9C71EB2049B42D00856476 /* Info.plist */ = {isa = PBXFileReference; lastKnownFileType = text.plist.xml; path = Info.plist; sourceTree = "<group>"; };
		1B9C71F52049B44C00856476 /* MMTError.swift */ = {isa = PBXFileReference; fileEncoding = 4; lastKnownFileType = sourcecode.swift; path = MMTError.swift; sourceTree = "<group>"; };
		1B9C71F72049B47100856476 /* MMTMeteorogramUrlSession.swift */ = {isa = PBXFileReference; fileEncoding = 4; lastKnownFileType = sourcecode.swift; path = MMTMeteorogramUrlSession.swift; sourceTree = "<group>"; };
		1B9C71FA2049B48400856476 /* MMTWebMeteorogramImageStore.swift */ = {isa = PBXFileReference; fileEncoding = 4; lastKnownFileType = sourcecode.swift; path = MMTWebMeteorogramImageStore.swift; sourceTree = "<group>"; };
		1B9C71FC2049B48400856476 /* MMTForecasterCommentStore.swift */ = {isa = PBXFileReference; fileEncoding = 4; lastKnownFileType = sourcecode.swift; path = MMTForecasterCommentStore.swift; sourceTree = "<group>"; };
		1B9C71FD2049B48400856476 /* MMTCitiesStore.swift */ = {isa = PBXFileReference; fileEncoding = 4; lastKnownFileType = sourcecode.swift; path = MMTCitiesStore.swift; sourceTree = "<group>"; };
		1B9C71FE2049B48400856476 /* MMTWebForecastStore.swift */ = {isa = PBXFileReference; fileEncoding = 4; lastKnownFileType = sourcecode.swift; path = MMTWebForecastStore.swift; sourceTree = "<group>"; };
		1B9C71FF2049B48500856476 /* MMTPredefinedCitiesFileStore.swift */ = {isa = PBXFileReference; fileEncoding = 4; lastKnownFileType = sourcecode.swift; path = MMTPredefinedCitiesFileStore.swift; sourceTree = "<group>"; };
		1B9C72072049B49500856476 /* MMTDetailedMap.swift */ = {isa = PBXFileReference; fileEncoding = 4; lastKnownFileType = sourcecode.swift; path = MMTDetailedMap.swift; sourceTree = "<group>"; };
		1B9C72092049B49600856476 /* MMTCityCategory.swift */ = {isa = PBXFileReference; fileEncoding = 4; lastKnownFileType = sourcecode.swift; path = MMTCityCategory.swift; sourceTree = "<group>"; };
		1B9C720A2049B49600856476 /* MMTClimateModel.swift */ = {isa = PBXFileReference; fileEncoding = 4; lastKnownFileType = sourcecode.swift; path = MMTClimateModel.swift; sourceTree = "<group>"; };
		1B9C72102049B4AD00856476 /* MMTSearchInputFilter.swift */ = {isa = PBXFileReference; fileEncoding = 4; lastKnownFileType = sourcecode.swift; path = MMTSearchInputFilter.swift; sourceTree = "<group>"; };
		1B9C72112049B4AD00856476 /* MMTCitiesIndex.swift */ = {isa = PBXFileReference; fileEncoding = 4; lastKnownFileType = sourcecode.swift; path = MMTCitiesIndex.swift; sourceTree = "<group>"; };
		1B9C72122049B4AD00856476 /* MMTCityGeocoder.swift */ = {isa = PBXFileReference; fileEncoding = 4; lastKnownFileType = sourcecode.swift; path = MMTCityGeocoder.swift; sourceTree = "<group>"; };
		1B9C72182049B5A400856476 /* MMTGeocoder.swift */ = {isa = PBXFileReference; fileEncoding = 4; lastKnownFileType = sourcecode.swift; path = MMTGeocoder.swift; sourceTree = "<group>"; };
		1B9C72192049B5A400856476 /* MMTCoreLocationGeocoder.swift */ = {isa = PBXFileReference; fileEncoding = 4; lastKnownFileType = sourcecode.swift; path = MMTCoreLocationGeocoder.swift; sourceTree = "<group>"; };
		1B9C721D2049B5D500856476 /* NSTimeInterval.swift */ = {isa = PBXFileReference; fileEncoding = 4; lastKnownFileType = sourcecode.swift; path = NSTimeInterval.swift; sourceTree = "<group>"; };
		1B9C721F2049B5E900856476 /* NSURL.swift */ = {isa = PBXFileReference; fileEncoding = 4; lastKnownFileType = sourcecode.swift; path = NSURL.swift; sourceTree = "<group>"; };
		1B9C72212049B5F000856476 /* NSDateFormatter.swift */ = {isa = PBXFileReference; fileEncoding = 4; lastKnownFileType = sourcecode.swift; path = NSDateFormatter.swift; sourceTree = "<group>"; };
		1B9C72232049B61200856476 /* NSCalendar.swift */ = {isa = PBXFileReference; fileEncoding = 4; lastKnownFileType = sourcecode.swift; path = NSCalendar.swift; sourceTree = "<group>"; };
		1B9C72272049B67100856476 /* UIImage.swift */ = {isa = PBXFileReference; fileEncoding = 4; lastKnownFileType = sourcecode.swift; path = UIImage.swift; sourceTree = "<group>"; };
		1B9C72292049B69E00856476 /* MMTConstants.swift */ = {isa = PBXFileReference; lastKnownFileType = sourcecode.swift; path = MMTConstants.swift; sourceTree = "<group>"; };
		1B9C722C2049B6EE00856476 /* MMTNSURLTests.swift */ = {isa = PBXFileReference; fileEncoding = 4; lastKnownFileType = sourcecode.swift; path = MMTNSURLTests.swift; sourceTree = "<group>"; };
		1B9C722E2049B6F300856476 /* MMTNSDateFormatterTests.swift */ = {isa = PBXFileReference; fileEncoding = 4; lastKnownFileType = sourcecode.swift; path = MMTNSDateFormatterTests.swift; sourceTree = "<group>"; };
		1B9C72312049B71500856476 /* MMTForecastStoreTests.swift */ = {isa = PBXFileReference; fileEncoding = 4; lastKnownFileType = sourcecode.swift; path = MMTForecastStoreTests.swift; sourceTree = "<group>"; };
		1B9C72322049B71500856476 /* MMTWamClimateModelTests.swift */ = {isa = PBXFileReference; fileEncoding = 4; lastKnownFileType = sourcecode.swift; path = MMTWamClimateModelTests.swift; sourceTree = "<group>"; };
		1B9C72332049B71500856476 /* MMTCityProtTests.swift */ = {isa = PBXFileReference; fileEncoding = 4; lastKnownFileType = sourcecode.swift; path = MMTCityProtTests.swift; sourceTree = "<group>"; };
		1B9C72342049B71500856476 /* MMTGeocoderTests.swift */ = {isa = PBXFileReference; fileEncoding = 4; lastKnownFileType = sourcecode.swift; path = MMTGeocoderTests.swift; sourceTree = "<group>"; };
		1B9C72352049B71500856476 /* MMTMeteorogramUrlSessionTests.swift */ = {isa = PBXFileReference; fileEncoding = 4; lastKnownFileType = sourcecode.swift; path = MMTMeteorogramUrlSessionTests.swift; sourceTree = "<group>"; };
		1B9C72362049B71500856476 /* MMTUmClimateModelTests.swift */ = {isa = PBXFileReference; fileEncoding = 4; lastKnownFileType = sourcecode.swift; path = MMTUmClimateModelTests.swift; sourceTree = "<group>"; };
		1B9C72372049B71500856476 /* MMTCoampsClimateModelTests.swift */ = {isa = PBXFileReference; fileEncoding = 4; lastKnownFileType = sourcecode.swift; path = MMTCoampsClimateModelTests.swift; sourceTree = "<group>"; };
		1B9C72382049B71500856476 /* MMTMeteorogramStoreTests.swift */ = {isa = PBXFileReference; fileEncoding = 4; lastKnownFileType = sourcecode.swift; path = MMTMeteorogramStoreTests.swift; sourceTree = "<group>"; };
		1B9C72392049B71500856476 /* MMTClimateModelTests.swift */ = {isa = PBXFileReference; fileEncoding = 4; lastKnownFileType = sourcecode.swift; path = MMTClimateModelTests.swift; sourceTree = "<group>"; };
		1B9C72432049B73200856476 /* MMTSearchInputTests.swift */ = {isa = PBXFileReference; fileEncoding = 4; lastKnownFileType = sourcecode.swift; path = MMTSearchInputTests.swift; sourceTree = "<group>"; };
		1B9C72462049B86900856476 /* CoreLocation.framework */ = {isa = PBXFileReference; lastKnownFileType = wrapper.framework; name = CoreLocation.framework; path = System/Library/Frameworks/CoreLocation.framework; sourceTree = SDKROOT; };
		1B9C72492049B92A00856476 /* MMTTestTools.swift */ = {isa = PBXFileReference; fileEncoding = 4; lastKnownFileType = sourcecode.swift; path = MMTTestTools.swift; sourceTree = "<group>"; };
		1B9C724B2049B94F00856476 /* MMTMocks.swift */ = {isa = PBXFileReference; lastKnownFileType = sourcecode.swift; path = MMTMocks.swift; sourceTree = "<group>"; };
		1B9C72522049BC2A00856476 /* CoreData.framework */ = {isa = PBXFileReference; lastKnownFileType = wrapper.framework; name = CoreData.framework; path = System/Library/Frameworks/CoreData.framework; sourceTree = SDKROOT; };
		1BA0207320CACA3F00170D9D /* MMTLocationService.swift */ = {isa = PBXFileReference; lastKnownFileType = sourcecode.swift; path = MMTLocationService.swift; sourceTree = "<group>"; };
		1BA0207520CACD6000170D9D /* MMTCoreLocationService.swift */ = {isa = PBXFileReference; lastKnownFileType = sourcecode.swift; path = MMTCoreLocationService.swift; sourceTree = "<group>"; };
		1BA0207820CB159600170D9D /* MMTModelController.swift */ = {isa = PBXFileReference; lastKnownFileType = sourcecode.swift; path = MMTModelController.swift; sourceTree = "<group>"; };
		1BA0207B20CB197100170D9D /* MMTCitiesListModelControllerTests.swift */ = {isa = PBXFileReference; lastKnownFileType = sourcecode.swift; path = MMTCitiesListModelControllerTests.swift; sourceTree = "<group>"; };
		1BCFAE8F206945C50046215D /* MMTMeteorogramStoreMapTests.swift */ = {isa = PBXFileReference; lastKnownFileType = sourcecode.swift; path = MMTMeteorogramStoreMapTests.swift; sourceTree = "<group>"; };
		1BCFAE91206991830046215D /* MMTCachingMeteorogramImageStore.swift */ = {isa = PBXFileReference; lastKnownFileType = sourcecode.swift; path = MMTCachingMeteorogramImageStore.swift; sourceTree = "<group>"; };
		1BCFAE93206998850046215D /* MMTCachingMeteorogramImageStoreTests.swift */ = {isa = PBXFileReference; lastKnownFileType = sourcecode.swift; path = MMTCachingMeteorogramImageStoreTests.swift; sourceTree = "<group>"; };
		1BD6C3002060145600746B5A /* MMTMeteorogram.swift */ = {isa = PBXFileReference; lastKnownFileType = sourcecode.swift; path = MMTMeteorogram.swift; sourceTree = "<group>"; };
		1BFC168820DAF34300320D1F /* MMTForecastService.swift */ = {isa = PBXFileReference; lastKnownFileType = sourcecode.swift; path = MMTForecastService.swift; sourceTree = "<group>"; };
		1BFC168B20DAF3AB00320D1F /* MMTForecastServiceTests.swift */ = {isa = PBXFileReference; lastKnownFileType = sourcecode.swift; path = MMTForecastServiceTests.swift; sourceTree = "<group>"; };
		1BFC168F20DC096900320D1F /* MMTImagesCache.swift */ = {isa = PBXFileReference; lastKnownFileType = sourcecode.swift; path = MMTImagesCache.swift; sourceTree = "<group>"; };
		1BFC169420DD19A400320D1F /* MMTImagesCacheTests.swift */ = {isa = PBXFileReference; lastKnownFileType = sourcecode.swift; path = MMTImagesCacheTests.swift; sourceTree = "<group>"; };
		1BFC169620DD1BA500320D1F /* Date.swift */ = {isa = PBXFileReference; lastKnownFileType = sourcecode.swift; path = Date.swift; sourceTree = "<group>"; };
/* End PBXFileReference section */

/* Begin PBXFrameworksBuildPhase section */
		1B9C71D72049B42D00856476 /* Frameworks */ = {
			isa = PBXFrameworksBuildPhase;
			buildActionMask = 2147483647;
			files = (
			);
			runOnlyForDeploymentPostprocessing = 0;
		};
		1B9C71E12049B42D00856476 /* Frameworks */ = {
			isa = PBXFrameworksBuildPhase;
			buildActionMask = 2147483647;
			files = (
				1B9C71E52049B42D00856476 /* MeteoModel.framework in Frameworks */,
			);
			runOnlyForDeploymentPostprocessing = 0;
		};
/* End PBXFrameworksBuildPhase section */

/* Begin PBXGroup section */
		1B2B2DB9204DEFAB00B7C9B0 /* Network */ = {
			isa = PBXGroup;
			children = (
				1B2C533220E116EC003727A3 /* MMTResult.swift */,
				1B9C71F72049B47100856476 /* MMTMeteorogramUrlSession.swift */,
			);
			path = Network;
			sourceTree = "<group>";
		};
		1B2C533620E139F9003727A3 /* ImageStores */ = {
			isa = PBXGroup;
			children = (
				1B2C533420E139ED003727A3 /* MMTMeteorogramImageStore.swift */,
				1BCFAE91206991830046215D /* MMTCachingMeteorogramImageStore.swift */,
				1B9C71FA2049B48400856476 /* MMTWebMeteorogramImageStore.swift */,
			);
			path = ImageStores;
			sourceTree = "<group>";
		};
		1B2C533720E13A1A003727A3 /* CitiesStore */ = {
			isa = PBXGroup;
			children = (
				1B9C71FD2049B48400856476 /* MMTCitiesStore.swift */,
				1B9C71FF2049B48500856476 /* MMTPredefinedCitiesFileStore.swift */,
			);
			path = CitiesStore;
			sourceTree = "<group>";
		};
		1B4B09CB20C1B8F000E364A0 /* ModelControllers */ = {
			isa = PBXGroup;
			children = (
				1BA0207820CB159600170D9D /* MMTModelController.swift */,
				1B4B09CC20C1B90A00E364A0 /* MMTCitiesListModelController.swift */,
				1B7CC19920CF0968000B985E /* MMTMeteorogramModelController.swift */,
				1B1020C520D1A74D00B24809 /* MMTCurrentCityModelController.swift */,
				1B8FB8C220D2FF8500AF95C8 /* MMTDetailedMapPreviewModelController.swift */,
				1B8CFEE520D45BD70063D532 /* MMTForecasterCommentModelController.swift */,
			);
			path = ModelControllers;
			sourceTree = "<group>";
		};
		1B55FC1B20658B4100056679 /* ModelObjectsTests */ = {
			isa = PBXGroup;
			children = (
				1B9C72332049B71500856476 /* MMTCityProtTests.swift */,
				1B55FC1C20658B5E00056679 /* MMTDetailedMapTests.swift */,
				1B9C72362049B71500856476 /* MMTUmClimateModelTests.swift */,
				1B9C72372049B71500856476 /* MMTCoampsClimateModelTests.swift */,
				1B9C72322049B71500856476 /* MMTWamClimateModelTests.swift */,
				1B9C72392049B71500856476 /* MMTClimateModelTests.swift */,
			);
			path = ModelObjectsTests;
			sourceTree = "<group>";
		};
		1B7CC19B20CF1E34000B985E /* Analytics */ = {
			isa = PBXGroup;
			children = (
				1B7CC19C20CF1E40000B985E /* MMTAnalytics.swift */,
			);
			path = Analytics;
			sourceTree = "<group>";
		};
		1B9C71D12049B42D00856476 = {
			isa = PBXGroup;
			children = (
				1B9C71DD2049B42D00856476 /* MeteoModel */,
				1B9C71E82049B42D00856476 /* MeteoModelTests */,
				1B9C71DC2049B42D00856476 /* Products */,
				1B9C72452049B86900856476 /* Frameworks */,
			);
			sourceTree = "<group>";
		};
		1B9C71DC2049B42D00856476 /* Products */ = {
			isa = PBXGroup;
			children = (
				1B9C71DB2049B42D00856476 /* MeteoModel.framework */,
				1B9C71E42049B42D00856476 /* MeteoModelTests.xctest */,
			);
			name = Products;
			sourceTree = "<group>";
		};
		1B9C71DD2049B42D00856476 /* MeteoModel */ = {
			isa = PBXGroup;
			children = (
				1BFC168720DAF2E400320D1F /* Services */,
				1BD6C2FF2060136900746B5A /* CoreData */,
				1B9C721C2049B5BB00856476 /* Extensions */,
				1B9C72162049B58C00856476 /* API */,
				1B9C720F2049B49E00856476 /* Cities */,
				1B9C72062049B48B00856476 /* ModelObjects */,
				1B4B09CB20C1B8F000E364A0 /* ModelControllers */,
				1B9C71F92049B47600856476 /* DataStores */,
				1B9C71F52049B44C00856476 /* MMTError.swift */,
				1B9C72292049B69E00856476 /* MMTConstants.swift */,
				1B611A8620642C2F00CDEF84 /* MMTFactory.swift */,
				1BFC168F20DC096900320D1F /* MMTImagesCache.swift */,
				1B9C71DF2049B42D00856476 /* Info.plist */,
				1B54EF8E204D6DC8008B8F90 /* Mobile_Meteo.xcdatamodeld */,
			);
			path = MeteoModel;
			sourceTree = "<group>";
		};
		1B9C71E82049B42D00856476 /* MeteoModelTests */ = {
			isa = PBXGroup;
			children = (
				1BFC168A20DAF39100320D1F /* ServicesTests */,
				1B55FC1B20658B4100056679 /* ModelObjectsTests */,
				1BA0207A20CB194900170D9D /* ModelControllersTests */,
				1B9C72302049B70400856476 /* StoreTests */,
				1B9C722B2049B6E500856476 /* ExtensionTests */,
				1B9C72482049B91F00856476 /* Tools */,
				1B9C72432049B73200856476 /* MMTSearchInputTests.swift */,
				1B2B2DBB204DF36C00B7C9B0 /* MMTCitiesIndexTests.swift */,
				1B9C72342049B71500856476 /* MMTGeocoderTests.swift */,
				1B9C71EB2049B42D00856476 /* Info.plist */,
				1BFC169420DD19A400320D1F /* MMTImagesCacheTests.swift */,
			);
			path = MeteoModelTests;
			sourceTree = "<group>";
		};
		1B9C71F92049B47600856476 /* DataStores */ = {
			isa = PBXGroup;
			children = (
				1B2B2DB9204DEFAB00B7C9B0 /* Network */,
				1B2C533720E13A1A003727A3 /* CitiesStore */,
				1B2C533620E139F9003727A3 /* ImageStores */,
				1B9C71FE2049B48400856476 /* MMTWebForecastStore.swift */,
				1B9C71FC2049B48400856476 /* MMTForecasterCommentStore.swift */,
				1B04F2BE206409B1009096C4 /* MMTMeteorogramStore.swift */,
			);
			path = DataStores;
			sourceTree = "<group>";
		};
		1B9C72062049B48B00856476 /* ModelObjects */ = {
			isa = PBXGroup;
			children = (
				1B2B2DB6204DB45100B7C9B0 /* MMTCityProt.swift */,
				1B9C720A2049B49600856476 /* MMTClimateModel.swift */,
				1B9C72072049B49500856476 /* MMTDetailedMap.swift */,
				1BD6C3002060145600746B5A /* MMTMeteorogram.swift */,
			);
			path = ModelObjects;
			sourceTree = "<group>";
		};
		1B9C720F2049B49E00856476 /* Cities */ = {
			isa = PBXGroup;
			children = (
				1B9C72102049B4AD00856476 /* MMTSearchInputFilter.swift */,
				1B9C72112049B4AD00856476 /* MMTCitiesIndex.swift */,
				1B9C72122049B4AD00856476 /* MMTCityGeocoder.swift */,
			);
			path = Cities;
			sourceTree = "<group>";
		};
		1B9C72162049B58C00856476 /* API */ = {
			isa = PBXGroup;
			children = (
				1B7CC19B20CF1E34000B985E /* Analytics */,
				1B9C72172049B59300856476 /* CoreLocation */,
			);
			path = API;
			sourceTree = "<group>";
		};
		1B9C72172049B59300856476 /* CoreLocation */ = {
			isa = PBXGroup;
			children = (
				1B9C72182049B5A400856476 /* MMTGeocoder.swift */,
				1B9C72192049B5A400856476 /* MMTCoreLocationGeocoder.swift */,
			);
			path = CoreLocation;
			sourceTree = "<group>";
		};
		1B9C721C2049B5BB00856476 /* Extensions */ = {
			isa = PBXGroup;
			children = (
				1B9C721F2049B5E900856476 /* NSURL.swift */,
				1B9C721D2049B5D500856476 /* NSTimeInterval.swift */,
				1B9C72212049B5F000856476 /* NSDateFormatter.swift */,
				1B8CFEE720D45F0F0063D532 /* NSAttributedString.swift */,
				1B9C72232049B61200856476 /* NSCalendar.swift */,
				1B9C72272049B67100856476 /* UIImage.swift */,
			);
			path = Extensions;
			sourceTree = "<group>";
		};
		1B9C722B2049B6E500856476 /* ExtensionTests */ = {
			isa = PBXGroup;
			children = (
				1B9C722C2049B6EE00856476 /* MMTNSURLTests.swift */,
				1B9C722E2049B6F300856476 /* MMTNSDateFormatterTests.swift */,
				1B2B2DBD204DF4FE00B7C9B0 /* MMTTimeIntervalTests.swift */,
				1B2B2DBF204DF91500B7C9B0 /* MMTUIImageTests.swift */,
			);
			path = ExtensionTests;
			sourceTree = "<group>";
		};
		1B9C72302049B70400856476 /* StoreTests */ = {
			isa = PBXGroup;
			children = (
				1B9C72352049B71500856476 /* MMTMeteorogramUrlSessionTests.swift */,
				1B9C72382049B71500856476 /* MMTMeteorogramStoreTests.swift */,
				1B9C72312049B71500856476 /* MMTForecastStoreTests.swift */,
				1BCFAE8F206945C50046215D /* MMTMeteorogramStoreMapTests.swift */,
				1BCFAE93206998850046215D /* MMTCachingMeteorogramImageStoreTests.swift */,
			);
			path = StoreTests;
			sourceTree = "<group>";
		};
		1B9C72452049B86900856476 /* Frameworks */ = {
			isa = PBXGroup;
			children = (
				1B9C72522049BC2A00856476 /* CoreData.framework */,
				1B9C72462049B86900856476 /* CoreLocation.framework */,
			);
			name = Frameworks;
			sourceTree = "<group>";
		};
		1B9C72482049B91F00856476 /* Tools */ = {
			isa = PBXGroup;
			children = (
				1B9C72492049B92A00856476 /* MMTTestTools.swift */,
				1B9C724B2049B94F00856476 /* MMTMocks.swift */,
				1BFC169620DD1BA500320D1F /* Date.swift */,
			);
			path = Tools;
			sourceTree = "<group>";
		};
		1BA0207A20CB194900170D9D /* ModelControllersTests */ = {
			isa = PBXGroup;
			children = (
				1BA0207B20CB197100170D9D /* MMTCitiesListModelControllerTests.swift */,
				1B1020C220D05BD200B24809 /* MMTMeteorogramModelControllerTests.swift */,
				1B1020C720D1A87D00B24809 /* MMTCurrentCityModelControllerTests.swift */,
				1B8FB8C420D3E57600AF95C8 /* MMTDetailedMapPreviewModelControllerTests.swift */,
				1B8CFEEA20D461F70063D532 /* MMTForecasterCommentModelControllerTests.swift */,
			);
			path = ModelControllersTests;
			sourceTree = "<group>";
		};
		1BD6C2FF2060136900746B5A /* CoreData */ = {
			isa = PBXGroup;
			children = (
				1B9C72092049B49600856476 /* MMTCityCategory.swift */,
				1B54EF91204D729C008B8F90 /* MMTCoreData.swift */,
			);
			path = CoreData;
			sourceTree = "<group>";
		};
		1BFC168720DAF2E400320D1F /* Services */ = {
			isa = PBXGroup;
			children = (
				1BA0207320CACA3F00170D9D /* MMTLocationService.swift */,
				1BA0207520CACD6000170D9D /* MMTCoreLocationService.swift */,
				1BFC168820DAF34300320D1F /* MMTForecastService.swift */,
			);
			path = Services;
			sourceTree = "<group>";
		};
		1BFC168A20DAF39100320D1F /* ServicesTests */ = {
			isa = PBXGroup;
			children = (
				1BFC168B20DAF3AB00320D1F /* MMTForecastServiceTests.swift */,
			);
			path = ServicesTests;
			sourceTree = "<group>";
		};
/* End PBXGroup section */

/* Begin PBXHeadersBuildPhase section */
		1B9C71D82049B42D00856476 /* Headers */ = {
			isa = PBXHeadersBuildPhase;
			buildActionMask = 2147483647;
			files = (
			);
			runOnlyForDeploymentPostprocessing = 0;
		};
/* End PBXHeadersBuildPhase section */

/* Begin PBXNativeTarget section */
		1B9C71DA2049B42D00856476 /* MeteoModel */ = {
			isa = PBXNativeTarget;
			buildConfigurationList = 1B9C71EF2049B42D00856476 /* Build configuration list for PBXNativeTarget "MeteoModel" */;
			buildPhases = (
				1B9C71D62049B42D00856476 /* Sources */,
				1B9C71D72049B42D00856476 /* Frameworks */,
				1B9C71D82049B42D00856476 /* Headers */,
				1B9C71D92049B42D00856476 /* Resources */,
			);
			buildRules = (
			);
			dependencies = (
			);
			name = MeteoModel;
			productName = MeteoModel;
			productReference = 1B9C71DB2049B42D00856476 /* MeteoModel.framework */;
			productType = "com.apple.product-type.framework";
		};
		1B9C71E32049B42D00856476 /* MeteoModelTests */ = {
			isa = PBXNativeTarget;
			buildConfigurationList = 1B9C71F22049B42D00856476 /* Build configuration list for PBXNativeTarget "MeteoModelTests" */;
			buildPhases = (
				1B9C71E02049B42D00856476 /* Sources */,
				1B9C71E12049B42D00856476 /* Frameworks */,
				1B9C71E22049B42D00856476 /* Resources */,
			);
			buildRules = (
			);
			dependencies = (
				1B9C71E72049B42D00856476 /* PBXTargetDependency */,
			);
			name = MeteoModelTests;
			productName = MeteoModelTests;
			productReference = 1B9C71E42049B42D00856476 /* MeteoModelTests.xctest */;
			productType = "com.apple.product-type.bundle.unit-test";
		};
/* End PBXNativeTarget section */

/* Begin PBXProject section */
		1B9C71D22049B42D00856476 /* Project object */ = {
			isa = PBXProject;
			attributes = {
				LastSwiftUpdateCheck = 0920;
				LastUpgradeCheck = 0930;
				ORGANIZATIONNAME = "Kamil Szostakowski";
				TargetAttributes = {
					1B9C71DA2049B42D00856476 = {
						CreatedOnToolsVersion = 9.2;
						DevelopmentTeam = GMU6W6K8X6;
						ProvisioningStyle = Automatic;
					};
					1B9C71E32049B42D00856476 = {
						CreatedOnToolsVersion = 9.2;
						DevelopmentTeam = GMU6W6K8X6;
						ProvisioningStyle = Automatic;
					};
				};
			};
			buildConfigurationList = 1B9C71D52049B42D00856476 /* Build configuration list for PBXProject "MeteoModel" */;
			compatibilityVersion = "Xcode 3.2";
			developmentRegion = en;
			hasScannedForEncodings = 0;
			knownRegions = (
				en,
			);
			mainGroup = 1B9C71D12049B42D00856476;
			productRefGroup = 1B9C71DC2049B42D00856476 /* Products */;
			projectDirPath = "";
			projectRoot = "";
			targets = (
				1B9C71DA2049B42D00856476 /* MeteoModel */,
				1B9C71E32049B42D00856476 /* MeteoModelTests */,
			);
		};
/* End PBXProject section */

/* Begin PBXResourcesBuildPhase section */
		1B9C71D92049B42D00856476 /* Resources */ = {
			isa = PBXResourcesBuildPhase;
			buildActionMask = 2147483647;
			files = (
			);
			runOnlyForDeploymentPostprocessing = 0;
		};
		1B9C71E22049B42D00856476 /* Resources */ = {
			isa = PBXResourcesBuildPhase;
			buildActionMask = 2147483647;
			files = (
			);
			runOnlyForDeploymentPostprocessing = 0;
		};
/* End PBXResourcesBuildPhase section */

/* Begin PBXSourcesBuildPhase section */
		1B9C71D62049B42D00856476 /* Sources */ = {
			isa = PBXSourcesBuildPhase;
			buildActionMask = 2147483647;
			files = (
				1B9C721E2049B5D500856476 /* NSTimeInterval.swift in Sources */,
				1B9C71F82049B47100856476 /* MMTMeteorogramUrlSession.swift in Sources */,
				1B9C72152049B4AD00856476 /* MMTCityGeocoder.swift in Sources */,
				1B1020C620D1A74D00B24809 /* MMTCurrentCityModelController.swift in Sources */,
				1B9C72222049B5F000856476 /* NSDateFormatter.swift in Sources */,
				1B9C721A2049B5A400856476 /* MMTGeocoder.swift in Sources */,
				1BCFAE92206991830046215D /* MMTCachingMeteorogramImageStore.swift in Sources */,
				1B9C720D2049B49600856476 /* MMTCityCategory.swift in Sources */,
				1B2C533320E116EC003727A3 /* MMTResult.swift in Sources */,
				1B9C72022049B48500856476 /* MMTForecasterCommentStore.swift in Sources */,
				1B9C72042049B48500856476 /* MMTWebForecastStore.swift in Sources */,
				1B9C72052049B48500856476 /* MMTPredefinedCitiesFileStore.swift in Sources */,
				1B9C72032049B48500856476 /* MMTCitiesStore.swift in Sources */,
				1BD6C3012060145600746B5A /* MMTMeteorogram.swift in Sources */,
				1BA0207620CACD6000170D9D /* MMTCoreLocationService.swift in Sources */,
				1B9C72202049B5E900856476 /* NSURL.swift in Sources */,
				1B9C721B2049B5A400856476 /* MMTCoreLocationGeocoder.swift in Sources */,
				1B8FB8C320D2FF8500AF95C8 /* MMTDetailedMapPreviewModelController.swift in Sources */,
				1B8CFEE920D45F100063D532 /* NSAttributedString.swift in Sources */,
				1B7CC19D20CF1E40000B985E /* MMTAnalytics.swift in Sources */,
				1B4B09CD20C1B90A00E364A0 /* MMTCitiesListModelController.swift in Sources */,
				1BA0207420CACA3F00170D9D /* MMTLocationService.swift in Sources */,
				1B9C72242049B61200856476 /* NSCalendar.swift in Sources */,
				1B9C71F62049B44C00856476 /* MMTError.swift in Sources */,
				1B9C722A2049B69E00856476 /* MMTConstants.swift in Sources */,
				1B54EF90204D6DC8008B8F90 /* Mobile_Meteo.xcdatamodeld in Sources */,
				1B611A8720642C2F00CDEF84 /* MMTFactory.swift in Sources */,
				1BA0207920CB159600170D9D /* MMTModelController.swift in Sources */,
				1B2B2DB7204DB45100B7C9B0 /* MMTCityProt.swift in Sources */,
				1B2C533520E139ED003727A3 /* MMTMeteorogramImageStore.swift in Sources */,
				1B54EF93204D729C008B8F90 /* MMTCoreData.swift in Sources */,
				1B7CC19A20CF0968000B985E /* MMTMeteorogramModelController.swift in Sources */,
				1BFC168920DAF34300320D1F /* MMTForecastService.swift in Sources */,
				1B9C720B2049B49600856476 /* MMTDetailedMap.swift in Sources */,
				1B8CFEE620D45BD70063D532 /* MMTForecasterCommentModelController.swift in Sources */,
				1B9C72142049B4AD00856476 /* MMTCitiesIndex.swift in Sources */,
				1B9C72282049B67100856476 /* UIImage.swift in Sources */,
				1B9C720E2049B49600856476 /* MMTClimateModel.swift in Sources */,
				1B9C72002049B48500856476 /* MMTWebMeteorogramImageStore.swift in Sources */,
				1B04F2BF206409B1009096C4 /* MMTMeteorogramStore.swift in Sources */,
				1B9C72132049B4AD00856476 /* MMTSearchInputFilter.swift in Sources */,
				1BFC169020DC096900320D1F /* MMTImagesCache.swift in Sources */,
			);
			runOnlyForDeploymentPostprocessing = 0;
		};
		1B9C71E02049B42D00856476 /* Sources */ = {
			isa = PBXSourcesBuildPhase;
			buildActionMask = 2147483647;
			files = (
				1B9C723E2049B71500856476 /* MMTMeteorogramUrlSessionTests.swift in Sources */,
				1BA0207C20CB197100170D9D /* MMTCitiesListModelControllerTests.swift in Sources */,
				1BFC169520DD19A400320D1F /* MMTImagesCacheTests.swift in Sources */,
				1B9C72412049B71500856476 /* MMTMeteorogramStoreTests.swift in Sources */,
				1B9C72422049B71500856476 /* MMTClimateModelTests.swift in Sources */,
				1B9C724A2049B92A00856476 /* MMTTestTools.swift in Sources */,
				1B1020C820D1A87D00B24809 /* MMTCurrentCityModelControllerTests.swift in Sources */,
				1B9C723B2049B71500856476 /* MMTWamClimateModelTests.swift in Sources */,
				1BFC168C20DAF3AB00320D1F /* MMTForecastServiceTests.swift in Sources */,
				1B9C723C2049B71500856476 /* MMTCityProtTests.swift in Sources */,
				1B9C724C2049B94F00856476 /* MMTMocks.swift in Sources */,
				1B2B2DC0204DF91500B7C9B0 /* MMTUIImageTests.swift in Sources */,
				1B9C723F2049B71500856476 /* MMTUmClimateModelTests.swift in Sources */,
				1BCFAE94206998850046215D /* MMTCachingMeteorogramImageStoreTests.swift in Sources */,
				1B8FB8C520D3E57600AF95C8 /* MMTDetailedMapPreviewModelControllerTests.swift in Sources */,
				1B55FC1D20658B5E00056679 /* MMTDetailedMapTests.swift in Sources */,
				1B9C723D2049B71500856476 /* MMTGeocoderTests.swift in Sources */,
				1BCFAE90206945C50046215D /* MMTMeteorogramStoreMapTests.swift in Sources */,
				1B2B2DBC204DF36C00B7C9B0 /* MMTCitiesIndexTests.swift in Sources */,
				1B2B2DBE204DF4FE00B7C9B0 /* MMTTimeIntervalTests.swift in Sources */,
				1B9C72402049B71500856476 /* MMTCoampsClimateModelTests.swift in Sources */,
				1B9C722F2049B6F300856476 /* MMTNSDateFormatterTests.swift in Sources */,
				1B8CFEEB20D461F70063D532 /* MMTForecasterCommentModelControllerTests.swift in Sources */,
				1BFC169720DD1BA500320D1F /* Date.swift in Sources */,
				1B9C722D2049B6EE00856476 /* MMTNSURLTests.swift in Sources */,
				1B9C723A2049B71500856476 /* MMTForecastStoreTests.swift in Sources */,
				1B9C72442049B73200856476 /* MMTSearchInputTests.swift in Sources */,
				1B1020C320D05BD200B24809 /* MMTMeteorogramModelControllerTests.swift in Sources */,
			);
			runOnlyForDeploymentPostprocessing = 0;
		};
/* End PBXSourcesBuildPhase section */

/* Begin PBXTargetDependency section */
		1B9C71E72049B42D00856476 /* PBXTargetDependency */ = {
			isa = PBXTargetDependency;
			target = 1B9C71DA2049B42D00856476 /* MeteoModel */;
			targetProxy = 1B9C71E62049B42D00856476 /* PBXContainerItemProxy */;
		};
/* End PBXTargetDependency section */

/* Begin XCBuildConfiguration section */
		1B9C71ED2049B42D00856476 /* Debug */ = {
			isa = XCBuildConfiguration;
			buildSettings = {
				ALWAYS_SEARCH_USER_PATHS = NO;
				CLANG_ANALYZER_NONNULL = YES;
				CLANG_ANALYZER_NUMBER_OBJECT_CONVERSION = YES_AGGRESSIVE;
				CLANG_CXX_LANGUAGE_STANDARD = "gnu++14";
				CLANG_CXX_LIBRARY = "libc++";
				CLANG_ENABLE_MODULES = YES;
				CLANG_ENABLE_OBJC_ARC = YES;
				CLANG_WARN_BLOCK_CAPTURE_AUTORELEASING = YES;
				CLANG_WARN_BOOL_CONVERSION = YES;
				CLANG_WARN_COMMA = YES;
				CLANG_WARN_CONSTANT_CONVERSION = YES;
				CLANG_WARN_DEPRECATED_OBJC_IMPLEMENTATIONS = YES;
				CLANG_WARN_DIRECT_OBJC_ISA_USAGE = YES_ERROR;
				CLANG_WARN_DOCUMENTATION_COMMENTS = YES;
				CLANG_WARN_EMPTY_BODY = YES;
				CLANG_WARN_ENUM_CONVERSION = YES;
				CLANG_WARN_INFINITE_RECURSION = YES;
				CLANG_WARN_INT_CONVERSION = YES;
				CLANG_WARN_NON_LITERAL_NULL_CONVERSION = YES;
				CLANG_WARN_OBJC_IMPLICIT_RETAIN_SELF = YES;
				CLANG_WARN_OBJC_LITERAL_CONVERSION = YES;
				CLANG_WARN_OBJC_ROOT_CLASS = YES_ERROR;
				CLANG_WARN_RANGE_LOOP_ANALYSIS = YES;
				CLANG_WARN_STRICT_PROTOTYPES = YES;
				CLANG_WARN_SUSPICIOUS_MOVE = YES;
				CLANG_WARN_UNGUARDED_AVAILABILITY = YES_AGGRESSIVE;
				CLANG_WARN_UNREACHABLE_CODE = YES;
				CLANG_WARN__DUPLICATE_METHOD_MATCH = YES;
				CODE_SIGN_IDENTITY = "iPhone Developer";
				COPY_PHASE_STRIP = NO;
				CURRENT_PROJECT_VERSION = 1;
				DEBUG_INFORMATION_FORMAT = dwarf;
				ENABLE_STRICT_OBJC_MSGSEND = YES;
				ENABLE_TESTABILITY = YES;
				GCC_C_LANGUAGE_STANDARD = gnu11;
				GCC_DYNAMIC_NO_PIC = NO;
				GCC_NO_COMMON_BLOCKS = YES;
				GCC_OPTIMIZATION_LEVEL = 0;
				GCC_PREPROCESSOR_DEFINITIONS = (
					"DEBUG=1",
					"$(inherited)",
				);
				GCC_WARN_64_TO_32_BIT_CONVERSION = YES;
				GCC_WARN_ABOUT_RETURN_TYPE = YES_ERROR;
				GCC_WARN_UNDECLARED_SELECTOR = YES;
				GCC_WARN_UNINITIALIZED_AUTOS = YES_AGGRESSIVE;
				GCC_WARN_UNUSED_FUNCTION = YES;
				GCC_WARN_UNUSED_VARIABLE = YES;
				IPHONEOS_DEPLOYMENT_TARGET = 10.3;
				MTL_ENABLE_DEBUG_INFO = YES;
				ONLY_ACTIVE_ARCH = YES;
				SDKROOT = iphoneos;
				SWIFT_ACTIVE_COMPILATION_CONDITIONS = DEBUG;
				SWIFT_OPTIMIZATION_LEVEL = "-Onone";
				VERSIONING_SYSTEM = "apple-generic";
				VERSION_INFO_PREFIX = "";
			};
			name = Debug;
		};
		1B9C71EE2049B42D00856476 /* Release */ = {
			isa = XCBuildConfiguration;
			buildSettings = {
				ALWAYS_SEARCH_USER_PATHS = NO;
				CLANG_ANALYZER_NONNULL = YES;
				CLANG_ANALYZER_NUMBER_OBJECT_CONVERSION = YES_AGGRESSIVE;
				CLANG_CXX_LANGUAGE_STANDARD = "gnu++14";
				CLANG_CXX_LIBRARY = "libc++";
				CLANG_ENABLE_MODULES = YES;
				CLANG_ENABLE_OBJC_ARC = YES;
				CLANG_WARN_BLOCK_CAPTURE_AUTORELEASING = YES;
				CLANG_WARN_BOOL_CONVERSION = YES;
				CLANG_WARN_COMMA = YES;
				CLANG_WARN_CONSTANT_CONVERSION = YES;
				CLANG_WARN_DEPRECATED_OBJC_IMPLEMENTATIONS = YES;
				CLANG_WARN_DIRECT_OBJC_ISA_USAGE = YES_ERROR;
				CLANG_WARN_DOCUMENTATION_COMMENTS = YES;
				CLANG_WARN_EMPTY_BODY = YES;
				CLANG_WARN_ENUM_CONVERSION = YES;
				CLANG_WARN_INFINITE_RECURSION = YES;
				CLANG_WARN_INT_CONVERSION = YES;
				CLANG_WARN_NON_LITERAL_NULL_CONVERSION = YES;
				CLANG_WARN_OBJC_IMPLICIT_RETAIN_SELF = YES;
				CLANG_WARN_OBJC_LITERAL_CONVERSION = YES;
				CLANG_WARN_OBJC_ROOT_CLASS = YES_ERROR;
				CLANG_WARN_RANGE_LOOP_ANALYSIS = YES;
				CLANG_WARN_STRICT_PROTOTYPES = YES;
				CLANG_WARN_SUSPICIOUS_MOVE = YES;
				CLANG_WARN_UNGUARDED_AVAILABILITY = YES_AGGRESSIVE;
				CLANG_WARN_UNREACHABLE_CODE = YES;
				CLANG_WARN__DUPLICATE_METHOD_MATCH = YES;
				CODE_SIGN_IDENTITY = "iPhone Developer";
				COPY_PHASE_STRIP = NO;
				CURRENT_PROJECT_VERSION = 1;
				DEBUG_INFORMATION_FORMAT = "dwarf-with-dsym";
				ENABLE_NS_ASSERTIONS = NO;
				ENABLE_STRICT_OBJC_MSGSEND = YES;
				GCC_C_LANGUAGE_STANDARD = gnu11;
				GCC_NO_COMMON_BLOCKS = YES;
				GCC_WARN_64_TO_32_BIT_CONVERSION = YES;
				GCC_WARN_ABOUT_RETURN_TYPE = YES_ERROR;
				GCC_WARN_UNDECLARED_SELECTOR = YES;
				GCC_WARN_UNINITIALIZED_AUTOS = YES_AGGRESSIVE;
				GCC_WARN_UNUSED_FUNCTION = YES;
				GCC_WARN_UNUSED_VARIABLE = YES;
				IPHONEOS_DEPLOYMENT_TARGET = 10.3;
				MTL_ENABLE_DEBUG_INFO = NO;
				SDKROOT = iphoneos;
				SWIFT_OPTIMIZATION_LEVEL = "-Owholemodule";
				VALIDATE_PRODUCT = YES;
				VERSIONING_SYSTEM = "apple-generic";
				VERSION_INFO_PREFIX = "";
			};
			name = Release;
		};
		1B9C71F02049B42D00856476 /* Debug */ = {
			isa = XCBuildConfiguration;
			buildSettings = {
				CODE_SIGN_IDENTITY = "";
				CODE_SIGN_STYLE = Automatic;
				DEFINES_MODULE = YES;
				DEVELOPMENT_TEAM = GMU6W6K8X6;
				DYLIB_COMPATIBILITY_VERSION = 1;
				DYLIB_CURRENT_VERSION = 1;
				DYLIB_INSTALL_NAME_BASE = "@rpath";
				INFOPLIST_FILE = MeteoModel/Info.plist;
				INSTALL_PATH = "$(LOCAL_LIBRARY_DIR)/Frameworks";
				IPHONEOS_DEPLOYMENT_TARGET = 10.3;
				LD_RUNPATH_SEARCH_PATHS = "$(inherited) @executable_path/Frameworks @loader_path/Frameworks";
				PRODUCT_BUNDLE_IDENTIFIER = com.szostakowski.MeteoModel;
				PRODUCT_NAME = "$(TARGET_NAME:c99extidentifier)";
				SKIP_INSTALL = YES;
				SWIFT_VERSION = 4.0;
				TARGETED_DEVICE_FAMILY = "1,2";
			};
			name = Debug;
		};
		1B9C71F12049B42D00856476 /* Release */ = {
			isa = XCBuildConfiguration;
			buildSettings = {
				CODE_SIGN_IDENTITY = "";
				CODE_SIGN_STYLE = Automatic;
				DEFINES_MODULE = YES;
				DEVELOPMENT_TEAM = GMU6W6K8X6;
				DYLIB_COMPATIBILITY_VERSION = 1;
				DYLIB_CURRENT_VERSION = 1;
				DYLIB_INSTALL_NAME_BASE = "@rpath";
				INFOPLIST_FILE = MeteoModel/Info.plist;
				INSTALL_PATH = "$(LOCAL_LIBRARY_DIR)/Frameworks";
				IPHONEOS_DEPLOYMENT_TARGET = 10.3;
				LD_RUNPATH_SEARCH_PATHS = "$(inherited) @executable_path/Frameworks @loader_path/Frameworks";
				PRODUCT_BUNDLE_IDENTIFIER = com.szostakowski.MeteoModel;
				PRODUCT_NAME = "$(TARGET_NAME:c99extidentifier)";
				SKIP_INSTALL = YES;
				SWIFT_VERSION = 4.0;
				TARGETED_DEVICE_FAMILY = "1,2";
			};
			name = Release;
		};
		1B9C71F32049B42D00856476 /* Debug */ = {
			isa = XCBuildConfiguration;
			buildSettings = {
				ALWAYS_EMBED_SWIFT_STANDARD_LIBRARIES = YES;
				CODE_SIGN_STYLE = Automatic;
				DEVELOPMENT_TEAM = GMU6W6K8X6;
				INFOPLIST_FILE = MeteoModelTests/Info.plist;
				LD_RUNPATH_SEARCH_PATHS = "$(inherited) @executable_path/Frameworks @loader_path/Frameworks";
				PRODUCT_BUNDLE_IDENTIFIER = com.szostakowski.MeteoModelTests;
				PRODUCT_NAME = "$(TARGET_NAME)";
				SWIFT_VERSION = 4.0;
				TARGETED_DEVICE_FAMILY = "1,2";
			};
			name = Debug;
		};
		1B9C71F42049B42D00856476 /* Release */ = {
			isa = XCBuildConfiguration;
			buildSettings = {
				ALWAYS_EMBED_SWIFT_STANDARD_LIBRARIES = YES;
				CODE_SIGN_STYLE = Automatic;
				DEVELOPMENT_TEAM = GMU6W6K8X6;
				INFOPLIST_FILE = MeteoModelTests/Info.plist;
				LD_RUNPATH_SEARCH_PATHS = "$(inherited) @executable_path/Frameworks @loader_path/Frameworks";
				PRODUCT_BUNDLE_IDENTIFIER = com.szostakowski.MeteoModelTests;
				PRODUCT_NAME = "$(TARGET_NAME)";
				SWIFT_VERSION = 4.0;
				TARGETED_DEVICE_FAMILY = "1,2";
			};
			name = Release;
		};
/* End XCBuildConfiguration section */

/* Begin XCConfigurationList section */
		1B9C71D52049B42D00856476 /* Build configuration list for PBXProject "MeteoModel" */ = {
			isa = XCConfigurationList;
			buildConfigurations = (
				1B9C71ED2049B42D00856476 /* Debug */,
				1B9C71EE2049B42D00856476 /* Release */,
			);
			defaultConfigurationIsVisible = 0;
			defaultConfigurationName = Release;
		};
		1B9C71EF2049B42D00856476 /* Build configuration list for PBXNativeTarget "MeteoModel" */ = {
			isa = XCConfigurationList;
			buildConfigurations = (
				1B9C71F02049B42D00856476 /* Debug */,
				1B9C71F12049B42D00856476 /* Release */,
			);
			defaultConfigurationIsVisible = 0;
			defaultConfigurationName = Release;
		};
		1B9C71F22049B42D00856476 /* Build configuration list for PBXNativeTarget "MeteoModelTests" */ = {
			isa = XCConfigurationList;
			buildConfigurations = (
				1B9C71F32049B42D00856476 /* Debug */,
				1B9C71F42049B42D00856476 /* Release */,
			);
			defaultConfigurationIsVisible = 0;
			defaultConfigurationName = Release;
		};
/* End XCConfigurationList section */

/* Begin XCVersionGroup section */
		1B54EF8E204D6DC8008B8F90 /* Mobile_Meteo.xcdatamodeld */ = {
			isa = XCVersionGroup;
			children = (
				1B54EF8F204D6DC8008B8F90 /* Mobile_Meteo.xcdatamodel */,
			);
			currentVersion = 1B54EF8F204D6DC8008B8F90 /* Mobile_Meteo.xcdatamodel */;
			path = Mobile_Meteo.xcdatamodeld;
			sourceTree = "<group>";
			versionGroupType = wrapper.xcdatamodel;
		};
/* End XCVersionGroup section */
	};
	rootObject = 1B9C71D22049B42D00856476 /* Project object */;
}
