// !$*UTF8*$!
{
	archiveVersion = 1;
	classes = {
	};
	objectVersion = 46;
	objects = {

/* Begin PBXBuildFile section */
		8E8CC6161B62EF4A00579C46 /* MMTWamHeaderView.swift in Sources */ = {isa = PBXBuildFile; fileRef = 8E8CC6151B62EF4A00579C46 /* MMTWamHeaderView.swift */; };
		F950E0D91B60C0D4000757B2 /* MMTModelWamSettingsController.swift in Sources */ = {isa = PBXBuildFile; fileRef = F950E0D81B60C0D4000757B2 /* MMTModelWamSettingsController.swift */; };
		F95754491B4CFF0A00C4E672 /* MMTMeteorogramController.swift in Sources */ = {isa = PBXBuildFile; fileRef = F95754481B4CFF0A00C4E672 /* MMTMeteorogramController.swift */; };
		F957544D1B4D050C00C4E672 /* Constants.swift in Sources */ = {isa = PBXBuildFile; fileRef = F957544C1B4D050C00C4E672 /* Constants.swift */; };
		F957544F1B4D068400C4E672 /* MMTCitiesListController.swift in Sources */ = {isa = PBXBuildFile; fileRef = F957544E1B4D068400C4E672 /* MMTCitiesListController.swift */; };
		F987DB3C1B5F7FF00034B7A0 /* MMTActionSheetPresentationController.swift in Sources */ = {isa = PBXBuildFile; fileRef = F987DB3B1B5F7FF00034B7A0 /* MMTActionSheetPresentationController.swift */; };
		F987DB3E1B5F81F50034B7A0 /* MMTActionSheetTransitioningDelegate.swift in Sources */ = {isa = PBXBuildFile; fileRef = F987DB3D1B5F81F50034B7A0 /* MMTActionSheetTransitioningDelegate.swift */; };
		F99A8A2C1B8463FE0098E170 /* NSURL.swift in Sources */ = {isa = PBXBuildFile; fileRef = F99A8A2B1B8463FE0098E170 /* NSURL.swift */; };
		F99A8A2E1B8464E50098E170 /* MMTCategoryNSURLTests.swift in Sources */ = {isa = PBXBuildFile; fileRef = F99A8A2D1B8464E50098E170 /* MMTCategoryNSURLTests.swift */; };
		F99A8A301B846A4B0098E170 /* NSCalendar.swift in Sources */ = {isa = PBXBuildFile; fileRef = F99A8A2F1B846A4B0098E170 /* NSCalendar.swift */; };
		F99F24611B6B572300622E1E /* NSDateFormatter.swift in Sources */ = {isa = PBXBuildFile; fileRef = F99F24601B6B572300622E1E /* NSDateFormatter.swift */; };
		F99F24641B6B574900622E1E /* MMTTestTools.swift in Sources */ = {isa = PBXBuildFile; fileRef = F99F24631B6B574900622E1E /* MMTTestTools.swift */; };
		F99F24661B6B585000622E1E /* MMTCategoryNSDateFormatterTests.swift in Sources */ = {isa = PBXBuildFile; fileRef = F99F24651B6B585000622E1E /* MMTCategoryNSDateFormatterTests.swift */; };
		F99F24681B6B725800622E1E /* MMTWamMomentHeaderView.swift in Sources */ = {isa = PBXBuildFile; fileRef = F99F24671B6B725800622E1E /* MMTWamMomentHeaderView.swift */; };
		F9A751DA1B5CDDFC003B0B38 /* MMTMeteorogramWamController.swift in Sources */ = {isa = PBXBuildFile; fileRef = F9A751D91B5CDDFC003B0B38 /* MMTMeteorogramWamController.swift */; };
		F9A751DC1B5CEAAA003B0B38 /* MMTWamCategoryItem.swift in Sources */ = {isa = PBXBuildFile; fileRef = F9A751DB1B5CEAAA003B0B38 /* MMTWamCategoryItem.swift */; };
		F9AEF6891B8F29130096E936 /* MMTCityCategory.swift in Sources */ = {isa = PBXBuildFile; fileRef = F9AEF6881B8F29130096E936 /* MMTCityCategory.swift */; };
		F9B2BA3F1B4BEC5B0081AC29 /* MMTMeteorogramFetchDelegate.swift in Sources */ = {isa = PBXBuildFile; fileRef = F9B2BA3E1B4BEC5B0081AC29 /* MMTMeteorogramFetchDelegate.swift */; };
		F9B2BA411B4BFD0F0081AC29 /* MMTCitiesStore.swift in Sources */ = {isa = PBXBuildFile; fileRef = F9B2BA401B4BFD0F0081AC29 /* MMTCitiesStore.swift */; };
		F9B686451B58DDD300E838BD /* MMTTabBarController.swift in Sources */ = {isa = PBXBuildFile; fileRef = F9B686441B58DDD300E838BD /* MMTTabBarController.swift */; };
		F9BB149B1B56379C00C81B3F /* AppDelegate.swift in Sources */ = {isa = PBXBuildFile; fileRef = F9BB149A1B56379C00C81B3F /* AppDelegate.swift */; };
		F9BB149F1B5670FD00C81B3F /* MMTDatabase.swift in Sources */ = {isa = PBXBuildFile; fileRef = F9BB149E1B5670FD00C81B3F /* MMTDatabase.swift */; };
		F9BB14A41B56765700C81B3F /* MMTCity.swift in Sources */ = {isa = PBXBuildFile; fileRef = F9BB14A31B56765700C81B3F /* MMTCity.swift */; };
		F9BB14A61B5697EE00C81B3F /* Cities.json in Resources */ = {isa = PBXBuildFile; fileRef = F9BB14A51B5697EE00C81B3F /* Cities.json */; };
		F9C23A981B621DE400A94A4B /* MMTCollectionViewWamLayout.swift in Sources */ = {isa = PBXBuildFile; fileRef = F9C23A971B621DE400A94A4B /* MMTCollectionViewWamLayout.swift */; };
		F9C5B5B01B81D1FC00CFB503 /* UIScrollView.swift in Sources */ = {isa = PBXBuildFile; fileRef = F9C5B5AF1B81D1FC00CFB503 /* UIScrollView.swift */; };
		F9DAEAA21B85D2DE00D4CD34 /* MMTClimateModelStore.swift in Sources */ = {isa = PBXBuildFile; fileRef = F9DAEA9A1B85D2DE00D4CD34 /* MMTClimateModelStore.swift */; };
		F9DAEAA31B85D2DE00D4CD34 /* MMTCoampsModelStore.swift in Sources */ = {isa = PBXBuildFile; fileRef = F9DAEA9B1B85D2DE00D4CD34 /* MMTCoampsModelStore.swift */; };
		F9DAEAA41B85D2DE00D4CD34 /* MMTGridClimateModelStore.swift in Sources */ = {isa = PBXBuildFile; fileRef = F9DAEA9C1B85D2DE00D4CD34 /* MMTGridClimateModelStore.swift */; };
		F9DAEAA61B85D2DE00D4CD34 /* MMTMeteorogramRedirectionFetchDelegate.swift in Sources */ = {isa = PBXBuildFile; fileRef = F9DAEA9E1B85D2DE00D4CD34 /* MMTMeteorogramRedirectionFetchDelegate.swift */; };
		F9DAEAA71B85D2DE00D4CD34 /* MMTUmModelStore.swift in Sources */ = {isa = PBXBuildFile; fileRef = F9DAEA9F1B85D2DE00D4CD34 /* MMTUmModelStore.swift */; };
		F9DAEAA91B85D2DE00D4CD34 /* MMTWamModelStore.swift in Sources */ = {isa = PBXBuildFile; fileRef = F9DAEAA11B85D2DE00D4CD34 /* MMTWamModelStore.swift */; };
		F9DAEAB31B85D39A00D4CD34 /* MMTCoampsModelStoreTests.swift in Sources */ = {isa = PBXBuildFile; fileRef = F9DAEAAD1B85D39A00D4CD34 /* MMTCoampsModelStoreTests.swift */; };
		F9DAEAB51B85D39A00D4CD34 /* MMTMeteorogramRedirectionFetchDelegateTests.swift in Sources */ = {isa = PBXBuildFile; fileRef = F9DAEAAF1B85D39A00D4CD34 /* MMTMeteorogramRedirectionFetchDelegateTests.swift */; };
		F9DAEAB61B85D39A00D4CD34 /* MMTUmModelStoreTests.swift in Sources */ = {isa = PBXBuildFile; fileRef = F9DAEAB01B85D39A00D4CD34 /* MMTUmModelStoreTests.swift */; };
		F9DAEAB81B85D39A00D4CD34 /* MMTWamModelStoreTests.swift in Sources */ = {isa = PBXBuildFile; fileRef = F9DAEAB21B85D39A00D4CD34 /* MMTWamModelStoreTests.swift */; };
		F9DB428E1B42852200BF5299 /* MMTMeteorogramFetchDelegateTests.swift in Sources */ = {isa = PBXBuildFile; fileRef = F9DB428D1B42852200BF5299 /* MMTMeteorogramFetchDelegateTests.swift */; };
		F9E5D02D1B68EF85006429BA /* MMTWamSettingsTests.swift in Sources */ = {isa = PBXBuildFile; fileRef = F9E5D02C1B68EF85006429BA /* MMTWamSettingsTests.swift */; };
		F9E5D02F1B68EFA3006429BA /* MMTWamSettings.swift in Sources */ = {isa = PBXBuildFile; fileRef = F9E5D02E1B68EFA3006429BA /* MMTWamSettings.swift */; };
		F9E6966A1AFCC06600273DA3 /* main.m in Sources */ = {isa = PBXBuildFile; fileRef = F9E696691AFCC06600273DA3 /* main.m */; };
		F9E696701AFCC06600273DA3 /* Mobile_Meteo.xcdatamodeld in Sources */ = {isa = PBXBuildFile; fileRef = F9E6966E1AFCC06600273DA3 /* Mobile_Meteo.xcdatamodeld */; };
		F9E696761AFCC06600273DA3 /* Main.storyboard in Resources */ = {isa = PBXBuildFile; fileRef = F9E696741AFCC06600273DA3 /* Main.storyboard */; };
		F9E696781AFCC06600273DA3 /* Images.xcassets in Resources */ = {isa = PBXBuildFile; fileRef = F9E696771AFCC06600273DA3 /* Images.xcassets */; };
		F9E6967B1AFCC06600273DA3 /* LaunchScreen.xib in Resources */ = {isa = PBXBuildFile; fileRef = F9E696791AFCC06600273DA3 /* LaunchScreen.xib */; };
		F9E696A41AFCE70700273DA3 /* CoreLocation.framework in Frameworks */ = {isa = PBXBuildFile; fileRef = F9E696A31AFCE70700273DA3 /* CoreLocation.framework */; };
		F9FFEE451B8D92D200C30EDD /* MMTWamCategoryPreviewController.swift in Sources */ = {isa = PBXBuildFile; fileRef = F9FFEE441B8D92D200C30EDD /* MMTWamCategoryPreviewController.swift */; };
		F9FFEE471B8DCEF900C30EDD /* UIImageView.swift in Sources */ = {isa = PBXBuildFile; fileRef = F9FFEE461B8DCEF900C30EDD /* UIImageView.swift */; };
/* End PBXBuildFile section */

/* Begin PBXContainerItemProxy section */
		F9E696811AFCC06600273DA3 /* PBXContainerItemProxy */ = {
			isa = PBXContainerItemProxy;
			containerPortal = F9E6965C1AFCC06600273DA3 /* Project object */;
			proxyType = 1;
			remoteGlobalIDString = F9E696631AFCC06600273DA3;
			remoteInfo = MobileMeteo;
		};
/* End PBXContainerItemProxy section */

/* Begin PBXFileReference section */
		04AE35C0443F7462483E0937 /* Pods-MobileMeteoTests.release.xcconfig */ = {isa = PBXFileReference; includeInIndex = 1; lastKnownFileType = text.xcconfig; name = "Pods-MobileMeteoTests.release.xcconfig"; path = "Pods/Target Support Files/Pods-MobileMeteoTests/Pods-MobileMeteoTests.release.xcconfig"; sourceTree = "<group>"; };
		59DAFA5A45295B2517C31E1E /* Pods-MobileMeteoTests.debug.xcconfig */ = {isa = PBXFileReference; includeInIndex = 1; lastKnownFileType = text.xcconfig; name = "Pods-MobileMeteoTests.debug.xcconfig"; path = "Pods/Target Support Files/Pods-MobileMeteoTests/Pods-MobileMeteoTests.debug.xcconfig"; sourceTree = "<group>"; };
		8E8CC6151B62EF4A00579C46 /* MMTWamHeaderView.swift */ = {isa = PBXFileReference; fileEncoding = 4; lastKnownFileType = sourcecode.swift; path = MMTWamHeaderView.swift; sourceTree = "<group>"; };
		8E975CCF1B64248C00566C8B /* CoreGraphics.framework */ = {isa = PBXFileReference; lastKnownFileType = wrapper.framework; name = CoreGraphics.framework; path = System/Library/Frameworks/CoreGraphics.framework; sourceTree = SDKROOT; };
		CC1FC1906742E93B61199BA9 /* libPods-MobileMeteoTests.a */ = {isa = PBXFileReference; explicitFileType = archive.ar; includeInIndex = 0; path = "libPods-MobileMeteoTests.a"; sourceTree = BUILT_PRODUCTS_DIR; };
		F917E6C01B42B7BC000FAA76 /* MobileMeteo-Bridging-Header.h */ = {isa = PBXFileReference; lastKnownFileType = sourcecode.c.h; path = "MobileMeteo-Bridging-Header.h"; sourceTree = "<group>"; };
		F950E0D81B60C0D4000757B2 /* MMTModelWamSettingsController.swift */ = {isa = PBXFileReference; fileEncoding = 4; lastKnownFileType = sourcecode.swift; path = MMTModelWamSettingsController.swift; sourceTree = "<group>"; };
		F95754481B4CFF0A00C4E672 /* MMTMeteorogramController.swift */ = {isa = PBXFileReference; fileEncoding = 4; lastKnownFileType = sourcecode.swift; path = MMTMeteorogramController.swift; sourceTree = "<group>"; };
		F957544C1B4D050C00C4E672 /* Constants.swift */ = {isa = PBXFileReference; fileEncoding = 4; lastKnownFileType = sourcecode.swift; path = Constants.swift; sourceTree = "<group>"; };
		F957544E1B4D068400C4E672 /* MMTCitiesListController.swift */ = {isa = PBXFileReference; fileEncoding = 4; lastKnownFileType = sourcecode.swift; path = MMTCitiesListController.swift; sourceTree = "<group>"; };
		F987DB3B1B5F7FF00034B7A0 /* MMTActionSheetPresentationController.swift */ = {isa = PBXFileReference; fileEncoding = 4; lastKnownFileType = sourcecode.swift; path = MMTActionSheetPresentationController.swift; sourceTree = "<group>"; };
		F987DB3D1B5F81F50034B7A0 /* MMTActionSheetTransitioningDelegate.swift */ = {isa = PBXFileReference; fileEncoding = 4; lastKnownFileType = sourcecode.swift; path = MMTActionSheetTransitioningDelegate.swift; sourceTree = "<group>"; };
		F99A8A2B1B8463FE0098E170 /* NSURL.swift */ = {isa = PBXFileReference; fileEncoding = 4; lastKnownFileType = sourcecode.swift; path = NSURL.swift; sourceTree = "<group>"; };
		F99A8A2D1B8464E50098E170 /* MMTCategoryNSURLTests.swift */ = {isa = PBXFileReference; fileEncoding = 4; lastKnownFileType = sourcecode.swift; path = MMTCategoryNSURLTests.swift; sourceTree = "<group>"; };
		F99A8A2F1B846A4B0098E170 /* NSCalendar.swift */ = {isa = PBXFileReference; fileEncoding = 4; lastKnownFileType = sourcecode.swift; path = NSCalendar.swift; sourceTree = "<group>"; };
		F99F24601B6B572300622E1E /* NSDateFormatter.swift */ = {isa = PBXFileReference; fileEncoding = 4; lastKnownFileType = sourcecode.swift; path = NSDateFormatter.swift; sourceTree = "<group>"; };
		F99F24631B6B574900622E1E /* MMTTestTools.swift */ = {isa = PBXFileReference; fileEncoding = 4; lastKnownFileType = sourcecode.swift; path = MMTTestTools.swift; sourceTree = "<group>"; };
		F99F24651B6B585000622E1E /* MMTCategoryNSDateFormatterTests.swift */ = {isa = PBXFileReference; fileEncoding = 4; lastKnownFileType = sourcecode.swift; path = MMTCategoryNSDateFormatterTests.swift; sourceTree = "<group>"; };
		F99F24671B6B725800622E1E /* MMTWamMomentHeaderView.swift */ = {isa = PBXFileReference; fileEncoding = 4; lastKnownFileType = sourcecode.swift; path = MMTWamMomentHeaderView.swift; sourceTree = "<group>"; };
		F9A751D91B5CDDFC003B0B38 /* MMTMeteorogramWamController.swift */ = {isa = PBXFileReference; fileEncoding = 4; lastKnownFileType = sourcecode.swift; path = MMTMeteorogramWamController.swift; sourceTree = "<group>"; };
		F9A751DB1B5CEAAA003B0B38 /* MMTWamCategoryItem.swift */ = {isa = PBXFileReference; fileEncoding = 4; lastKnownFileType = sourcecode.swift; path = MMTWamCategoryItem.swift; sourceTree = "<group>"; };
		F9AEF6881B8F29130096E936 /* MMTCityCategory.swift */ = {isa = PBXFileReference; fileEncoding = 4; lastKnownFileType = sourcecode.swift; path = MMTCityCategory.swift; sourceTree = "<group>"; };
		F9B2BA3E1B4BEC5B0081AC29 /* MMTMeteorogramFetchDelegate.swift */ = {isa = PBXFileReference; fileEncoding = 4; lastKnownFileType = sourcecode.swift; path = MMTMeteorogramFetchDelegate.swift; sourceTree = "<group>"; };
		F9B2BA401B4BFD0F0081AC29 /* MMTCitiesStore.swift */ = {isa = PBXFileReference; fileEncoding = 4; lastKnownFileType = sourcecode.swift; path = MMTCitiesStore.swift; sourceTree = "<group>"; };
		F9B686441B58DDD300E838BD /* MMTTabBarController.swift */ = {isa = PBXFileReference; fileEncoding = 4; lastKnownFileType = sourcecode.swift; path = MMTTabBarController.swift; sourceTree = "<group>"; };
		F9BB149A1B56379C00C81B3F /* AppDelegate.swift */ = {isa = PBXFileReference; fileEncoding = 4; lastKnownFileType = sourcecode.swift; path = AppDelegate.swift; sourceTree = "<group>"; };
		F9BB149E1B5670FD00C81B3F /* MMTDatabase.swift */ = {isa = PBXFileReference; fileEncoding = 4; lastKnownFileType = sourcecode.swift; path = MMTDatabase.swift; sourceTree = "<group>"; };
		F9BB14A31B56765700C81B3F /* MMTCity.swift */ = {isa = PBXFileReference; fileEncoding = 4; lastKnownFileType = sourcecode.swift; name = MMTCity.swift; path = ../MMTCity.swift; sourceTree = "<group>"; };
		F9BB14A51B5697EE00C81B3F /* Cities.json */ = {isa = PBXFileReference; fileEncoding = 4; lastKnownFileType = text.json; path = Cities.json; sourceTree = "<group>"; };
		F9C23A971B621DE400A94A4B /* MMTCollectionViewWamLayout.swift */ = {isa = PBXFileReference; fileEncoding = 4; lastKnownFileType = sourcecode.swift; path = MMTCollectionViewWamLayout.swift; sourceTree = "<group>"; };
		F9C5B5AF1B81D1FC00CFB503 /* UIScrollView.swift */ = {isa = PBXFileReference; fileEncoding = 4; lastKnownFileType = sourcecode.swift; path = UIScrollView.swift; sourceTree = "<group>"; };
		F9DAEA9A1B85D2DE00D4CD34 /* MMTClimateModelStore.swift */ = {isa = PBXFileReference; fileEncoding = 4; lastKnownFileType = sourcecode.swift; path = MMTClimateModelStore.swift; sourceTree = "<group>"; };
		F9DAEA9B1B85D2DE00D4CD34 /* MMTCoampsModelStore.swift */ = {isa = PBXFileReference; fileEncoding = 4; lastKnownFileType = sourcecode.swift; path = MMTCoampsModelStore.swift; sourceTree = "<group>"; };
		F9DAEA9C1B85D2DE00D4CD34 /* MMTGridClimateModelStore.swift */ = {isa = PBXFileReference; fileEncoding = 4; lastKnownFileType = sourcecode.swift; path = MMTGridClimateModelStore.swift; sourceTree = "<group>"; };
		F9DAEA9E1B85D2DE00D4CD34 /* MMTMeteorogramRedirectionFetchDelegate.swift */ = {isa = PBXFileReference; fileEncoding = 4; lastKnownFileType = sourcecode.swift; path = MMTMeteorogramRedirectionFetchDelegate.swift; sourceTree = "<group>"; };
		F9DAEA9F1B85D2DE00D4CD34 /* MMTUmModelStore.swift */ = {isa = PBXFileReference; fileEncoding = 4; lastKnownFileType = sourcecode.swift; path = MMTUmModelStore.swift; sourceTree = "<group>"; };
		F9DAEAA11B85D2DE00D4CD34 /* MMTWamModelStore.swift */ = {isa = PBXFileReference; fileEncoding = 4; lastKnownFileType = sourcecode.swift; path = MMTWamModelStore.swift; sourceTree = "<group>"; };
		F9DAEAAD1B85D39A00D4CD34 /* MMTCoampsModelStoreTests.swift */ = {isa = PBXFileReference; fileEncoding = 4; lastKnownFileType = sourcecode.swift; path = MMTCoampsModelStoreTests.swift; sourceTree = "<group>"; };
		F9DAEAAF1B85D39A00D4CD34 /* MMTMeteorogramRedirectionFetchDelegateTests.swift */ = {isa = PBXFileReference; fileEncoding = 4; lastKnownFileType = sourcecode.swift; path = MMTMeteorogramRedirectionFetchDelegateTests.swift; sourceTree = "<group>"; };
		F9DAEAB01B85D39A00D4CD34 /* MMTUmModelStoreTests.swift */ = {isa = PBXFileReference; fileEncoding = 4; lastKnownFileType = sourcecode.swift; path = MMTUmModelStoreTests.swift; sourceTree = "<group>"; };
		F9DAEAB21B85D39A00D4CD34 /* MMTWamModelStoreTests.swift */ = {isa = PBXFileReference; fileEncoding = 4; lastKnownFileType = sourcecode.swift; path = MMTWamModelStoreTests.swift; sourceTree = "<group>"; };
		F9DB428D1B42852200BF5299 /* MMTMeteorogramFetchDelegateTests.swift */ = {isa = PBXFileReference; fileEncoding = 4; lastKnownFileType = sourcecode.swift; path = MMTMeteorogramFetchDelegateTests.swift; sourceTree = "<group>"; };
		F9E5D02C1B68EF85006429BA /* MMTWamSettingsTests.swift */ = {isa = PBXFileReference; fileEncoding = 4; lastKnownFileType = sourcecode.swift; path = MMTWamSettingsTests.swift; sourceTree = "<group>"; };
		F9E5D02E1B68EFA3006429BA /* MMTWamSettings.swift */ = {isa = PBXFileReference; fileEncoding = 4; lastKnownFileType = sourcecode.swift; path = MMTWamSettings.swift; sourceTree = "<group>"; };
		F9E696641AFCC06600273DA3 /* MobileMeteo.app */ = {isa = PBXFileReference; explicitFileType = wrapper.application; includeInIndex = 0; path = MobileMeteo.app; sourceTree = BUILT_PRODUCTS_DIR; };
		F9E696681AFCC06600273DA3 /* Info.plist */ = {isa = PBXFileReference; lastKnownFileType = text.plist.xml; path = Info.plist; sourceTree = "<group>"; };
		F9E696691AFCC06600273DA3 /* main.m */ = {isa = PBXFileReference; lastKnownFileType = sourcecode.c.objc; path = main.m; sourceTree = "<group>"; };
		F9E6966F1AFCC06600273DA3 /* Mobile_Meteo.xcdatamodel */ = {isa = PBXFileReference; lastKnownFileType = wrapper.xcdatamodel; path = Mobile_Meteo.xcdatamodel; sourceTree = "<group>"; };
		F9E696751AFCC06600273DA3 /* Base */ = {isa = PBXFileReference; lastKnownFileType = file.storyboard; name = Base; path = Base.lproj/Main.storyboard; sourceTree = "<group>"; };
		F9E696771AFCC06600273DA3 /* Images.xcassets */ = {isa = PBXFileReference; lastKnownFileType = folder.assetcatalog; path = Images.xcassets; sourceTree = "<group>"; };
		F9E6967A1AFCC06600273DA3 /* Base */ = {isa = PBXFileReference; lastKnownFileType = file.xib; name = Base; path = Base.lproj/LaunchScreen.xib; sourceTree = "<group>"; };
		F9E696801AFCC06600273DA3 /* MobileMeteoTests.xctest */ = {isa = PBXFileReference; explicitFileType = wrapper.cfbundle; includeInIndex = 0; path = MobileMeteoTests.xctest; sourceTree = BUILT_PRODUCTS_DIR; };
		F9E696851AFCC06600273DA3 /* Info.plist */ = {isa = PBXFileReference; lastKnownFileType = text.plist.xml; path = Info.plist; sourceTree = "<group>"; };
		F9E6969D1AFCD04500273DA3 /* MobileMeteo-Prefix.pch */ = {isa = PBXFileReference; lastKnownFileType = sourcecode.c.h; path = "MobileMeteo-Prefix.pch"; sourceTree = "<group>"; };
		F9E696A31AFCE70700273DA3 /* CoreLocation.framework */ = {isa = PBXFileReference; lastKnownFileType = wrapper.framework; name = CoreLocation.framework; path = System/Library/Frameworks/CoreLocation.framework; sourceTree = SDKROOT; };
		F9FA381F1B42728700A6EC00 /* MobileMeteoTests-Bridging-Header.h */ = {isa = PBXFileReference; lastKnownFileType = sourcecode.c.h; path = "MobileMeteoTests-Bridging-Header.h"; sourceTree = "<group>"; };
		F9FFEE441B8D92D200C30EDD /* MMTWamCategoryPreviewController.swift */ = {isa = PBXFileReference; fileEncoding = 4; lastKnownFileType = sourcecode.swift; path = MMTWamCategoryPreviewController.swift; sourceTree = "<group>"; };
		F9FFEE461B8DCEF900C30EDD /* UIImageView.swift */ = {isa = PBXFileReference; fileEncoding = 4; lastKnownFileType = sourcecode.swift; path = UIImageView.swift; sourceTree = "<group>"; };
/* End PBXFileReference section */

/* Begin PBXFrameworksBuildPhase section */
		F9E696611AFCC06600273DA3 /* Frameworks */ = {
			isa = PBXFrameworksBuildPhase;
			buildActionMask = 2147483647;
			files = (
				F9E696A41AFCE70700273DA3 /* CoreLocation.framework in Frameworks */,
			);
			runOnlyForDeploymentPostprocessing = 0;
		};
		F9E6967D1AFCC06600273DA3 /* Frameworks */ = {
			isa = PBXFrameworksBuildPhase;
			buildActionMask = 2147483647;
			files = (
			);
			runOnlyForDeploymentPostprocessing = 0;
		};
/* End PBXFrameworksBuildPhase section */

/* Begin PBXGroup section */
		1E0B96656B6BD26F0DC667D3 /* Frameworks */ = {
			isa = PBXGroup;
			children = (
				F9E696A31AFCE70700273DA3 /* CoreLocation.framework */,
				8E975CCF1B64248C00566C8B /* CoreGraphics.framework */,
				CC1FC1906742E93B61199BA9 /* libPods-MobileMeteoTests.a */,
			);
			name = Frameworks;
			sourceTree = "<group>";
		};
		30633BBDDD04849C6D04A982 /* Pods */ = {
			isa = PBXGroup;
			children = (
				59DAFA5A45295B2517C31E1E /* Pods-MobileMeteoTests.debug.xcconfig */,
				04AE35C0443F7462483E0937 /* Pods-MobileMeteoTests.release.xcconfig */,
			);
			name = Pods;
			sourceTree = "<group>";
		};
		F987DB361B5F6B5B0034B7A0 /* ActionSheet */ = {
			isa = PBXGroup;
			children = (
				F987DB3B1B5F7FF00034B7A0 /* MMTActionSheetPresentationController.swift */,
				F987DB3D1B5F81F50034B7A0 /* MMTActionSheetTransitioningDelegate.swift */,
			);
			name = ActionSheet;
			sourceTree = "<group>";
		};
		F9900EB91B282B86006880A1 /* Categories */ = {
			isa = PBXGroup;
			children = (
				F99F24601B6B572300622E1E /* NSDateFormatter.swift */,
				F9C5B5AF1B81D1FC00CFB503 /* UIScrollView.swift */,
				F9FFEE461B8DCEF900C30EDD /* UIImageView.swift */,
				F99A8A2B1B8463FE0098E170 /* NSURL.swift */,
				F99A8A2F1B846A4B0098E170 /* NSCalendar.swift */,
			);
			name = Categories;
			sourceTree = "<group>";
		};
		F99A8A351B849A540098E170 /* Stores */ = {
			isa = PBXGroup;
			children = (
				F9DAEAAC1B85D32800D4CD34 /* FetchDelegates */,
				F9DAEAAA1B85D30200D4CD34 /* Abstracts */,
				F9B2BA401B4BFD0F0081AC29 /* MMTCitiesStore.swift */,
				F9DAEA9F1B85D2DE00D4CD34 /* MMTUmModelStore.swift */,
				F9DAEA9B1B85D2DE00D4CD34 /* MMTCoampsModelStore.swift */,
				F9DAEAA11B85D2DE00D4CD34 /* MMTWamModelStore.swift */,
			);
			name = Stores;
			sourceTree = "<group>";
		};
		F99A8A361B849A760098E170 /* StoresTests */ = {
			isa = PBXGroup;
			children = (
				F9DAEAB21B85D39A00D4CD34 /* MMTWamModelStoreTests.swift */,
				F9DAEAB01B85D39A00D4CD34 /* MMTUmModelStoreTests.swift */,
				F9DAEAAD1B85D39A00D4CD34 /* MMTCoampsModelStoreTests.swift */,
			);
			name = StoresTests;
			sourceTree = "<group>";
		};
		F99A8A371B849A850098E170 /* CategoriesTests */ = {
			isa = PBXGroup;
			children = (
				F99F24651B6B585000622E1E /* MMTCategoryNSDateFormatterTests.swift */,
				F99A8A2D1B8464E50098E170 /* MMTCategoryNSURLTests.swift */,
			);
			name = CategoriesTests;
			sourceTree = "<group>";
		};
		F99F24621B6B573500622E1E /* Tools */ = {
			isa = PBXGroup;
			children = (
				F99F24631B6B574900622E1E /* MMTTestTools.swift */,
			);
			name = Tools;
			sourceTree = "<group>";
		};
		F9A873451B68D7AD00A1B949 /* CollectionView */ = {
			isa = PBXGroup;
			children = (
				8E8CC6151B62EF4A00579C46 /* MMTWamHeaderView.swift */,
				F9A751DB1B5CEAAA003B0B38 /* MMTWamCategoryItem.swift */,
				F9C23A971B621DE400A94A4B /* MMTCollectionViewWamLayout.swift */,
			);
			name = CollectionView;
			sourceTree = "<group>";
		};
		F9BB14A01B56749E00C81B3F /* Entities */ = {
			isa = PBXGroup;
			children = (
				F9BB14A31B56765700C81B3F /* MMTCity.swift */,
				F9AEF6881B8F29130096E936 /* MMTCityCategory.swift */,
			);
			name = Entities;
			sourceTree = "<group>";
		};
		F9C23A951B621D7200A94A4B /* OtehrModels */ = {
			isa = PBXGroup;
			children = (
				F957544E1B4D068400C4E672 /* MMTCitiesListController.swift */,
				F95754481B4CFF0A00C4E672 /* MMTMeteorogramController.swift */,
			);
			name = OtehrModels;
			sourceTree = "<group>";
		};
		F9C23A961B621DA600A94A4B /* WamModel */ = {
			isa = PBXGroup;
			children = (
				F9A873451B68D7AD00A1B949 /* CollectionView */,
				F99F24671B6B725800622E1E /* MMTWamMomentHeaderView.swift */,
				F950E0D81B60C0D4000757B2 /* MMTModelWamSettingsController.swift */,
				F9A751D91B5CDDFC003B0B38 /* MMTMeteorogramWamController.swift */,
				F9FFEE441B8D92D200C30EDD /* MMTWamCategoryPreviewController.swift */,
			);
			name = WamModel;
			sourceTree = "<group>";
		};
		F9DAEAAA1B85D30200D4CD34 /* Abstracts */ = {
			isa = PBXGroup;
			children = (
				F9DAEA9A1B85D2DE00D4CD34 /* MMTClimateModelStore.swift */,
				F9DAEA9C1B85D2DE00D4CD34 /* MMTGridClimateModelStore.swift */,
			);
			name = Abstracts;
			sourceTree = "<group>";
		};
		F9DAEAAC1B85D32800D4CD34 /* FetchDelegates */ = {
			isa = PBXGroup;
			children = (
				F9B2BA3E1B4BEC5B0081AC29 /* MMTMeteorogramFetchDelegate.swift */,
				F9DAEA9E1B85D2DE00D4CD34 /* MMTMeteorogramRedirectionFetchDelegate.swift */,
			);
			name = FetchDelegates;
			sourceTree = "<group>";
		};
		F9DAEABA1B85D3C000D4CD34 /* FetchDelegatesTests */ = {
			isa = PBXGroup;
			children = (
				F9DAEAAF1B85D39A00D4CD34 /* MMTMeteorogramRedirectionFetchDelegateTests.swift */,
				F9DB428D1B42852200BF5299 /* MMTMeteorogramFetchDelegateTests.swift */,
			);
			name = FetchDelegatesTests;
			sourceTree = "<group>";
		};
		F9E6965B1AFCC06600273DA3 = {
			isa = PBXGroup;
			children = (
				F9E696661AFCC06600273DA3 /* MobileMeteo */,
				F9E696831AFCC06600273DA3 /* MobileMeteoTests */,
				F9E696651AFCC06600273DA3 /* Products */,
				30633BBDDD04849C6D04A982 /* Pods */,
				1E0B96656B6BD26F0DC667D3 /* Frameworks */,
			);
			sourceTree = "<group>";
		};
		F9E696651AFCC06600273DA3 /* Products */ = {
			isa = PBXGroup;
			children = (
				F9E696641AFCC06600273DA3 /* MobileMeteo.app */,
				F9E696801AFCC06600273DA3 /* MobileMeteoTests.xctest */,
			);
			name = Products;
			sourceTree = "<group>";
		};
		F9E696661AFCC06600273DA3 /* MobileMeteo */ = {
			isa = PBXGroup;
			children = (
				F987DB361B5F6B5B0034B7A0 /* ActionSheet */,
				F9E6969F1AFCDEA200273DA3 /* Model */,
				F9E696901AFCC41D00273DA3 /* Controllers */,
				F9900EB91B282B86006880A1 /* Categories */,
				F9E696741AFCC06600273DA3 /* Main.storyboard */,
				F9E696791AFCC06600273DA3 /* LaunchScreen.xib */,
				F957544C1B4D050C00C4E672 /* Constants.swift */,
				F9BB149A1B56379C00C81B3F /* AppDelegate.swift */,
				F9BB149E1B5670FD00C81B3F /* MMTDatabase.swift */,
				F9E696771AFCC06600273DA3 /* Images.xcassets */,
				F9E6966E1AFCC06600273DA3 /* Mobile_Meteo.xcdatamodeld */,
				F9E696671AFCC06600273DA3 /* Supporting Files */,
			);
			path = MobileMeteo;
			sourceTree = "<group>";
		};
		F9E696671AFCC06600273DA3 /* Supporting Files */ = {
			isa = PBXGroup;
			children = (
				F9E696681AFCC06600273DA3 /* Info.plist */,
				F9BB14A51B5697EE00C81B3F /* Cities.json */,
				F9E696691AFCC06600273DA3 /* main.m */,
				F9E6969D1AFCD04500273DA3 /* MobileMeteo-Prefix.pch */,
				F917E6C01B42B7BC000FAA76 /* MobileMeteo-Bridging-Header.h */,
			);
			name = "Supporting Files";
			sourceTree = "<group>";
		};
		F9E696831AFCC06600273DA3 /* MobileMeteoTests */ = {
			isa = PBXGroup;
			children = (
				F9DAEABA1B85D3C000D4CD34 /* FetchDelegatesTests */,
				F99A8A371B849A850098E170 /* CategoriesTests */,
				F99A8A361B849A760098E170 /* StoresTests */,
				F99F24621B6B573500622E1E /* Tools */,
				F9E5D02C1B68EF85006429BA /* MMTWamSettingsTests.swift */,
				F9E696841AFCC06600273DA3 /* Supporting Files */,
				F9FA381F1B42728700A6EC00 /* MobileMeteoTests-Bridging-Header.h */,
			);
			path = MobileMeteoTests;
			sourceTree = "<group>";
		};
		F9E696841AFCC06600273DA3 /* Supporting Files */ = {
			isa = PBXGroup;
			children = (
				F9E696851AFCC06600273DA3 /* Info.plist */,
			);
			name = "Supporting Files";
			sourceTree = "<group>";
		};
		F9E696901AFCC41D00273DA3 /* Controllers */ = {
			isa = PBXGroup;
			children = (
				F9C23A961B621DA600A94A4B /* WamModel */,
				F9C23A951B621D7200A94A4B /* OtehrModels */,
				F9B686441B58DDD300E838BD /* MMTTabBarController.swift */,
			);
			name = Controllers;
			sourceTree = "<group>";
		};
		F9E6969F1AFCDEA200273DA3 /* Model */ = {
			isa = PBXGroup;
			children = (
				F9BB14A01B56749E00C81B3F /* Entities */,
				F99A8A351B849A540098E170 /* Stores */,
				F9E5D02E1B68EFA3006429BA /* MMTWamSettings.swift */,
			);
			name = Model;
			sourceTree = "<group>";
		};
/* End PBXGroup section */

/* Begin PBXNativeTarget section */
		F9E696631AFCC06600273DA3 /* MobileMeteo */ = {
			isa = PBXNativeTarget;
			buildConfigurationList = F9E6968A1AFCC06600273DA3 /* Build configuration list for PBXNativeTarget "MobileMeteo" */;
			buildPhases = (
				F9E696601AFCC06600273DA3 /* Sources */,
				F9E696611AFCC06600273DA3 /* Frameworks */,
				F9E696621AFCC06600273DA3 /* Resources */,
			);
			buildRules = (
			);
			dependencies = (
			);
			name = MobileMeteo;
			productName = MobileMeteo;
			productReference = F9E696641AFCC06600273DA3 /* MobileMeteo.app */;
			productType = "com.apple.product-type.application";
		};
		F9E6967F1AFCC06600273DA3 /* MobileMeteoTests */ = {
			isa = PBXNativeTarget;
			buildConfigurationList = F9E6968D1AFCC06600273DA3 /* Build configuration list for PBXNativeTarget "MobileMeteoTests" */;
			buildPhases = (
				F9E6967C1AFCC06600273DA3 /* Sources */,
				F9E6967D1AFCC06600273DA3 /* Frameworks */,
				F9E6967E1AFCC06600273DA3 /* Resources */,
			);
			buildRules = (
			);
			dependencies = (
				F9E696821AFCC06600273DA3 /* PBXTargetDependency */,
			);
			name = MobileMeteoTests;
			productName = MobileMeteoTests;
			productReference = F9E696801AFCC06600273DA3 /* MobileMeteoTests.xctest */;
			productType = "com.apple.product-type.bundle.unit-test";
		};
/* End PBXNativeTarget section */

/* Begin PBXProject section */
		F9E6965C1AFCC06600273DA3 /* Project object */ = {
			isa = PBXProject;
			attributes = {
				CLASSPREFIX = MMT;
				LastUpgradeCheck = 0630;
				ORGANIZATIONNAME = "Kamil Szostakowski";
				TargetAttributes = {
					F9E696631AFCC06600273DA3 = {
						CreatedOnToolsVersion = 6.3.1;
					};
					F9E6967F1AFCC06600273DA3 = {
						CreatedOnToolsVersion = 6.3.1;
						TestTargetID = F9E696631AFCC06600273DA3;
					};
				};
			};
			buildConfigurationList = F9E6965F1AFCC06600273DA3 /* Build configuration list for PBXProject "MobileMeteo" */;
			compatibilityVersion = "Xcode 3.2";
			developmentRegion = English;
			hasScannedForEncodings = 0;
			knownRegions = (
				en,
				Base,
			);
			mainGroup = F9E6965B1AFCC06600273DA3;
			productRefGroup = F9E696651AFCC06600273DA3 /* Products */;
			projectDirPath = "";
			projectRoot = "";
			targets = (
				F9E696631AFCC06600273DA3 /* MobileMeteo */,
				F9E6967F1AFCC06600273DA3 /* MobileMeteoTests */,
			);
		};
/* End PBXProject section */

/* Begin PBXResourcesBuildPhase section */
		F9E696621AFCC06600273DA3 /* Resources */ = {
			isa = PBXResourcesBuildPhase;
			buildActionMask = 2147483647;
			files = (
				F9BB14A61B5697EE00C81B3F /* Cities.json in Resources */,
				F9E696761AFCC06600273DA3 /* Main.storyboard in Resources */,
				F9E6967B1AFCC06600273DA3 /* LaunchScreen.xib in Resources */,
				F9E696781AFCC06600273DA3 /* Images.xcassets in Resources */,
			);
			runOnlyForDeploymentPostprocessing = 0;
		};
		F9E6967E1AFCC06600273DA3 /* Resources */ = {
			isa = PBXResourcesBuildPhase;
			buildActionMask = 2147483647;
			files = (
			);
			runOnlyForDeploymentPostprocessing = 0;
		};
/* End PBXResourcesBuildPhase section */

/* Begin PBXSourcesBuildPhase section */
		F9E696601AFCC06600273DA3 /* Sources */ = {
			isa = PBXSourcesBuildPhase;
			buildActionMask = 2147483647;
			files = (
				F9DAEAA61B85D2DE00D4CD34 /* MMTMeteorogramRedirectionFetchDelegate.swift in Sources */,
				F9DAEAA91B85D2DE00D4CD34 /* MMTWamModelStore.swift in Sources */,
				F9DAEAA31B85D2DE00D4CD34 /* MMTCoampsModelStore.swift in Sources */,
				F9DAEAA21B85D2DE00D4CD34 /* MMTClimateModelStore.swift in Sources */,
				F9BB149B1B56379C00C81B3F /* AppDelegate.swift in Sources */,
				F9DAEAA71B85D2DE00D4CD34 /* MMTUmModelStore.swift in Sources */,
				F9E5D02F1B68EFA3006429BA /* MMTWamSettings.swift in Sources */,
				F9E696701AFCC06600273DA3 /* Mobile_Meteo.xcdatamodeld in Sources */,
				F9FFEE471B8DCEF900C30EDD /* UIImageView.swift in Sources */,
				F9BB14A41B56765700C81B3F /* MMTCity.swift in Sources */,
				8E8CC6161B62EF4A00579C46 /* MMTWamHeaderView.swift in Sources */,
				F9A751DC1B5CEAAA003B0B38 /* MMTWamCategoryItem.swift in Sources */,
				F9AEF6891B8F29130096E936 /* MMTCityCategory.swift in Sources */,
				F957544F1B4D068400C4E672 /* MMTCitiesListController.swift in Sources */,
				F9B2BA411B4BFD0F0081AC29 /* MMTCitiesStore.swift in Sources */,
				F987DB3C1B5F7FF00034B7A0 /* MMTActionSheetPresentationController.swift in Sources */,
				F9C5B5B01B81D1FC00CFB503 /* UIScrollView.swift in Sources */,
				F9FFEE451B8D92D200C30EDD /* MMTWamCategoryPreviewController.swift in Sources */,
				F957544D1B4D050C00C4E672 /* Constants.swift in Sources */,
				F99A8A301B846A4B0098E170 /* NSCalendar.swift in Sources */,
				F9C23A981B621DE400A94A4B /* MMTCollectionViewWamLayout.swift in Sources */,
				F99A8A2C1B8463FE0098E170 /* NSURL.swift in Sources */,
				F99F24611B6B572300622E1E /* NSDateFormatter.swift in Sources */,
				F950E0D91B60C0D4000757B2 /* MMTModelWamSettingsController.swift in Sources */,
				F9BB149F1B5670FD00C81B3F /* MMTDatabase.swift in Sources */,
				F9B2BA3F1B4BEC5B0081AC29 /* MMTMeteorogramFetchDelegate.swift in Sources */,
				F95754491B4CFF0A00C4E672 /* MMTMeteorogramController.swift in Sources */,
				F9A751DA1B5CDDFC003B0B38 /* MMTMeteorogramWamController.swift in Sources */,
				F99F24681B6B725800622E1E /* MMTWamMomentHeaderView.swift in Sources */,
				F987DB3E1B5F81F50034B7A0 /* MMTActionSheetTransitioningDelegate.swift in Sources */,
				F9DAEAA41B85D2DE00D4CD34 /* MMTGridClimateModelStore.swift in Sources */,
				F9B686451B58DDD300E838BD /* MMTTabBarController.swift in Sources */,
				F9E6966A1AFCC06600273DA3 /* main.m in Sources */,
			);
			runOnlyForDeploymentPostprocessing = 0;
		};
		F9E6967C1AFCC06600273DA3 /* Sources */ = {
			isa = PBXSourcesBuildPhase;
			buildActionMask = 2147483647;
			files = (
				F99F24641B6B574900622E1E /* MMTTestTools.swift in Sources */,
				F99A8A2E1B8464E50098E170 /* MMTCategoryNSURLTests.swift in Sources */,
				F9DAEAB61B85D39A00D4CD34 /* MMTUmModelStoreTests.swift in Sources */,
				F9DB428E1B42852200BF5299 /* MMTMeteorogramFetchDelegateTests.swift in Sources */,
				F9DAEAB51B85D39A00D4CD34 /* MMTMeteorogramRedirectionFetchDelegateTests.swift in Sources */,
				F9DAEAB31B85D39A00D4CD34 /* MMTCoampsModelStoreTests.swift in Sources */,
				F99F24661B6B585000622E1E /* MMTCategoryNSDateFormatterTests.swift in Sources */,
				F9DAEAB81B85D39A00D4CD34 /* MMTWamModelStoreTests.swift in Sources */,
				F9E5D02D1B68EF85006429BA /* MMTWamSettingsTests.swift in Sources */,
			);
			runOnlyForDeploymentPostprocessing = 0;
		};
/* End PBXSourcesBuildPhase section */

/* Begin PBXTargetDependency section */
		F9E696821AFCC06600273DA3 /* PBXTargetDependency */ = {
			isa = PBXTargetDependency;
			target = F9E696631AFCC06600273DA3 /* MobileMeteo */;
			targetProxy = F9E696811AFCC06600273DA3 /* PBXContainerItemProxy */;
		};
/* End PBXTargetDependency section */

/* Begin PBXVariantGroup section */
		F9E696741AFCC06600273DA3 /* Main.storyboard */ = {
			isa = PBXVariantGroup;
			children = (
				F9E696751AFCC06600273DA3 /* Base */,
			);
			name = Main.storyboard;
			sourceTree = "<group>";
		};
		F9E696791AFCC06600273DA3 /* LaunchScreen.xib */ = {
			isa = PBXVariantGroup;
			children = (
				F9E6967A1AFCC06600273DA3 /* Base */,
			);
			name = LaunchScreen.xib;
			sourceTree = "<group>";
		};
/* End PBXVariantGroup section */

/* Begin XCBuildConfiguration section */
		F9E696881AFCC06600273DA3 /* Debug */ = {
			isa = XCBuildConfiguration;
			buildSettings = {
				ALWAYS_SEARCH_USER_PATHS = NO;
				CLANG_CXX_LANGUAGE_STANDARD = "gnu++0x";
				CLANG_CXX_LIBRARY = "libc++";
				CLANG_ENABLE_MODULES = YES;
				CLANG_ENABLE_OBJC_ARC = YES;
				CLANG_WARN_BOOL_CONVERSION = YES;
				CLANG_WARN_CONSTANT_CONVERSION = YES;
				CLANG_WARN_DIRECT_OBJC_ISA_USAGE = YES_ERROR;
				CLANG_WARN_EMPTY_BODY = YES;
				CLANG_WARN_ENUM_CONVERSION = YES;
				CLANG_WARN_INT_CONVERSION = YES;
				CLANG_WARN_OBJC_ROOT_CLASS = YES_ERROR;
				CLANG_WARN_UNREACHABLE_CODE = YES;
				CLANG_WARN__DUPLICATE_METHOD_MATCH = YES;
				"CODE_SIGN_IDENTITY[sdk=iphoneos*]" = "iPhone Developer";
				COPY_PHASE_STRIP = NO;
				DEBUG_INFORMATION_FORMAT = "dwarf-with-dsym";
				ENABLE_STRICT_OBJC_MSGSEND = YES;
				GCC_C_LANGUAGE_STANDARD = gnu99;
				GCC_DYNAMIC_NO_PIC = NO;
				GCC_NO_COMMON_BLOCKS = YES;
				GCC_OPTIMIZATION_LEVEL = 0;
				GCC_PREPROCESSOR_DEFINITIONS = (
					"DEBUG=1",
					"$(inherited)",
				);
				GCC_SYMBOLS_PRIVATE_EXTERN = NO;
				GCC_WARN_64_TO_32_BIT_CONVERSION = YES;
				GCC_WARN_ABOUT_RETURN_TYPE = YES_ERROR;
				GCC_WARN_UNDECLARED_SELECTOR = YES;
				GCC_WARN_UNINITIALIZED_AUTOS = YES_AGGRESSIVE;
				GCC_WARN_UNUSED_FUNCTION = YES;
				GCC_WARN_UNUSED_VARIABLE = YES;
				IPHONEOS_DEPLOYMENT_TARGET = 8.3;
				MTL_ENABLE_DEBUG_INFO = YES;
				ONLY_ACTIVE_ARCH = YES;
				SDKROOT = iphoneos;
			};
			name = Debug;
		};
		F9E696891AFCC06600273DA3 /* Release */ = {
			isa = XCBuildConfiguration;
			buildSettings = {
				ALWAYS_SEARCH_USER_PATHS = NO;
				CLANG_CXX_LANGUAGE_STANDARD = "gnu++0x";
				CLANG_CXX_LIBRARY = "libc++";
				CLANG_ENABLE_MODULES = YES;
				CLANG_ENABLE_OBJC_ARC = YES;
				CLANG_WARN_BOOL_CONVERSION = YES;
				CLANG_WARN_CONSTANT_CONVERSION = YES;
				CLANG_WARN_DIRECT_OBJC_ISA_USAGE = YES_ERROR;
				CLANG_WARN_EMPTY_BODY = YES;
				CLANG_WARN_ENUM_CONVERSION = YES;
				CLANG_WARN_INT_CONVERSION = YES;
				CLANG_WARN_OBJC_ROOT_CLASS = YES_ERROR;
				CLANG_WARN_UNREACHABLE_CODE = YES;
				CLANG_WARN__DUPLICATE_METHOD_MATCH = YES;
				"CODE_SIGN_IDENTITY[sdk=iphoneos*]" = "iPhone Developer";
				COPY_PHASE_STRIP = NO;
				DEBUG_INFORMATION_FORMAT = "dwarf-with-dsym";
				ENABLE_NS_ASSERTIONS = NO;
				ENABLE_STRICT_OBJC_MSGSEND = YES;
				GCC_C_LANGUAGE_STANDARD = gnu99;
				GCC_NO_COMMON_BLOCKS = YES;
				GCC_WARN_64_TO_32_BIT_CONVERSION = YES;
				GCC_WARN_ABOUT_RETURN_TYPE = YES_ERROR;
				GCC_WARN_UNDECLARED_SELECTOR = YES;
				GCC_WARN_UNINITIALIZED_AUTOS = YES_AGGRESSIVE;
				GCC_WARN_UNUSED_FUNCTION = YES;
				GCC_WARN_UNUSED_VARIABLE = YES;
				IPHONEOS_DEPLOYMENT_TARGET = 8.3;
				MTL_ENABLE_DEBUG_INFO = NO;
				SDKROOT = iphoneos;
				VALIDATE_PRODUCT = YES;
			};
			name = Release;
		};
		F9E6968B1AFCC06600273DA3 /* Debug */ = {
			isa = XCBuildConfiguration;
			buildSettings = {
				ASSETCATALOG_COMPILER_APPICON_NAME = AppIcon;
				CLANG_ENABLE_MODULES = YES;
				DEFINES_MODULE = YES;
				EMBEDDED_CONTENT_CONTAINS_SWIFT = NO;
				GCC_PREFIX_HEADER = "$(SRCROOT)/$(PROJECT_NAME)/MobileMeteo-Prefix.pch";
				INFOPLIST_FILE = MobileMeteo/Info.plist;
				LD_RUNPATH_SEARCH_PATHS = "$(inherited) @executable_path/Frameworks";
				PRODUCT_NAME = MobileMeteo;
				SWIFT_OBJC_BRIDGING_HEADER = "MobileMeteo/MobileMeteo-Bridging-Header.h";
				SWIFT_OPTIMIZATION_LEVEL = "-Onone";
			};
			name = Debug;
		};
		F9E6968C1AFCC06600273DA3 /* Release */ = {
			isa = XCBuildConfiguration;
			buildSettings = {
				ASSETCATALOG_COMPILER_APPICON_NAME = AppIcon;
				CLANG_ENABLE_MODULES = YES;
				DEFINES_MODULE = YES;
				EMBEDDED_CONTENT_CONTAINS_SWIFT = NO;
				GCC_PREFIX_HEADER = "$(SRCROOT)/$(PROJECT_NAME)/MobileMeteo-Prefix.pch";
				INFOPLIST_FILE = MobileMeteo/Info.plist;
				LD_RUNPATH_SEARCH_PATHS = "$(inherited) @executable_path/Frameworks";
				PRODUCT_NAME = MobileMeteo;
				SWIFT_OBJC_BRIDGING_HEADER = "MobileMeteo/MobileMeteo-Bridging-Header.h";
			};
			name = Release;
		};
		F9E6968E1AFCC06600273DA3 /* Debug */ = {
			isa = XCBuildConfiguration;
			buildSettings = {
				BUNDLE_LOADER = "$(TEST_HOST)";
				CLANG_ENABLE_MODULES = YES;
				DEFINES_MODULE = YES;
				EMBEDDED_CONTENT_CONTAINS_SWIFT = NO;
				FRAMEWORK_SEARCH_PATHS = (
					"$(SDKROOT)/Developer/Library/Frameworks",
					"$(inherited)",
				);
				GCC_PREPROCESSOR_DEFINITIONS = (
					"DEBUG=1",
					"$(inherited)",
				);
				INFOPLIST_FILE = MobileMeteoTests/Info.plist;
				LD_RUNPATH_SEARCH_PATHS = "$(inherited) @executable_path/Frameworks @loader_path/Frameworks";
				PRODUCT_NAME = MobileMeteoTests;
				SWIFT_OBJC_BRIDGING_HEADER = "MobileMeteoTests/MobileMeteoTests-Bridging-Header.h";
				SWIFT_OPTIMIZATION_LEVEL = "-Onone";
				TEST_HOST = "$(BUILT_PRODUCTS_DIR)/MobileMeteo.app/MobileMeteo";
			};
			name = Debug;
		};
		F9E6968F1AFCC06600273DA3 /* Release */ = {
			isa = XCBuildConfiguration;
			buildSettings = {
				BUNDLE_LOADER = "$(TEST_HOST)";
				CLANG_ENABLE_MODULES = YES;
				DEFINES_MODULE = YES;
				EMBEDDED_CONTENT_CONTAINS_SWIFT = NO;
				FRAMEWORK_SEARCH_PATHS = (
					"$(SDKROOT)/Developer/Library/Frameworks",
					"$(inherited)",
				);
				INFOPLIST_FILE = MobileMeteoTests/Info.plist;
				LD_RUNPATH_SEARCH_PATHS = "$(inherited) @executable_path/Frameworks @loader_path/Frameworks";
				PRODUCT_NAME = MobileMeteoTests;
				SWIFT_OBJC_BRIDGING_HEADER = "MobileMeteoTests/MobileMeteoTests-Bridging-Header.h";
				TEST_HOST = "$(BUILT_PRODUCTS_DIR)/MobileMeteo.app/MobileMeteo";
			};
			name = Release;
		};
/* End XCBuildConfiguration section */

/* Begin XCConfigurationList section */
		F9E6965F1AFCC06600273DA3 /* Build configuration list for PBXProject "MobileMeteo" */ = {
			isa = XCConfigurationList;
			buildConfigurations = (
				F9E696881AFCC06600273DA3 /* Debug */,
				F9E696891AFCC06600273DA3 /* Release */,
			);
			defaultConfigurationIsVisible = 0;
			defaultConfigurationName = Release;
		};
		F9E6968A1AFCC06600273DA3 /* Build configuration list for PBXNativeTarget "MobileMeteo" */ = {
			isa = XCConfigurationList;
			buildConfigurations = (
				F9E6968B1AFCC06600273DA3 /* Debug */,
				F9E6968C1AFCC06600273DA3 /* Release */,
			);
			defaultConfigurationIsVisible = 0;
			defaultConfigurationName = Release;
		};
		F9E6968D1AFCC06600273DA3 /* Build configuration list for PBXNativeTarget "MobileMeteoTests" */ = {
			isa = XCConfigurationList;
			buildConfigurations = (
				F9E6968E1AFCC06600273DA3 /* Debug */,
				F9E6968F1AFCC06600273DA3 /* Release */,
			);
			defaultConfigurationIsVisible = 0;
			defaultConfigurationName = Release;
		};
/* End XCConfigurationList section */

/* Begin XCVersionGroup section */
		F9E6966E1AFCC06600273DA3 /* Mobile_Meteo.xcdatamodeld */ = {
			isa = XCVersionGroup;
			children = (
				F9E6966F1AFCC06600273DA3 /* Mobile_Meteo.xcdatamodel */,
			);
			currentVersion = F9E6966F1AFCC06600273DA3 /* Mobile_Meteo.xcdatamodel */;
			path = Mobile_Meteo.xcdatamodeld;
			sourceTree = "<group>";
			versionGroupType = wrapper.xcdatamodel;
		};
/* End XCVersionGroup section */
	};
	rootObject = F9E6965C1AFCC06600273DA3 /* Project object */;
}
